// !$*UTF8*$!
{
	archiveVersion = 1;
	classes = {
	};
	objectVersion = 46;
	objects = {

/* Begin PBXAggregateTarget section */
		A46FBC761EE6EEEB00BA0CC1 /* OtherFramework-Aggregate */ = {
			isa = PBXAggregateTarget;
			buildConfigurationList = A46FBC771EE6EEEB00BA0CC1 /* Build configuration list for PBXAggregateTarget "OtherFramework-Aggregate" */;
			buildPhases = (
				A46FBC7A1EE6EEEF00BA0CC1 /* ShellScript */,
			);
			dependencies = (
			);
			name = "OtherFramework-Aggregate";
			productName = "OtherFramework-Aggregate";
		};
/* End PBXAggregateTarget section */

/* Begin PBXBuildFile section */
		A42AC5071F15CDC100DA0D58 /* NSObject+YYModel.h in Headers */ = {isa = PBXBuildFile; fileRef = A42AC5021F15CDC100DA0D58 /* NSObject+YYModel.h */; settings = {ATTRIBUTES = (Public, ); }; };
		A42AC5081F15CDC100DA0D58 /* NSObject+YYModel.m in Sources */ = {isa = PBXBuildFile; fileRef = A42AC5031F15CDC100DA0D58 /* NSObject+YYModel.m */; };
		A42AC5091F15CDC100DA0D58 /* YYClassInfo.h in Headers */ = {isa = PBXBuildFile; fileRef = A42AC5041F15CDC100DA0D58 /* YYClassInfo.h */; settings = {ATTRIBUTES = (Public, ); }; };
		A42AC50A1F15CDC100DA0D58 /* YYClassInfo.m in Sources */ = {isa = PBXBuildFile; fileRef = A42AC5051F15CDC100DA0D58 /* YYClassInfo.m */; };
		A42AC50B1F15CDC100DA0D58 /* YYModel.h in Headers */ = {isa = PBXBuildFile; fileRef = A42AC5061F15CDC100DA0D58 /* YYModel.h */; settings = {ATTRIBUTES = (Public, ); }; };
		A4386E9B1EE8F163001F4BC9 /* IQNSArray+Sort.h in Headers */ = {isa = PBXBuildFile; fileRef = A4386E5E1EE8F163001F4BC9 /* IQNSArray+Sort.h */; settings = {ATTRIBUTES = (Public, ); }; };
		A4386E9C1EE8F163001F4BC9 /* IQNSArray+Sort.m in Sources */ = {isa = PBXBuildFile; fileRef = A4386E5F1EE8F163001F4BC9 /* IQNSArray+Sort.m */; };
		A4386E9D1EE8F163001F4BC9 /* IQUIScrollView+Additions.h in Headers */ = {isa = PBXBuildFile; fileRef = A4386E601EE8F163001F4BC9 /* IQUIScrollView+Additions.h */; settings = {ATTRIBUTES = (Public, ); }; };
		A4386E9E1EE8F163001F4BC9 /* IQUIScrollView+Additions.m in Sources */ = {isa = PBXBuildFile; fileRef = A4386E611EE8F163001F4BC9 /* IQUIScrollView+Additions.m */; };
		A4386E9F1EE8F163001F4BC9 /* IQUITextFieldView+Additions.h in Headers */ = {isa = PBXBuildFile; fileRef = A4386E621EE8F163001F4BC9 /* IQUITextFieldView+Additions.h */; settings = {ATTRIBUTES = (Public, ); }; };
		A4386EA01EE8F163001F4BC9 /* IQUITextFieldView+Additions.m in Sources */ = {isa = PBXBuildFile; fileRef = A4386E631EE8F163001F4BC9 /* IQUITextFieldView+Additions.m */; };
		A4386EA11EE8F163001F4BC9 /* IQUIView+Hierarchy.h in Headers */ = {isa = PBXBuildFile; fileRef = A4386E641EE8F163001F4BC9 /* IQUIView+Hierarchy.h */; settings = {ATTRIBUTES = (Public, ); }; };
		A4386EA21EE8F163001F4BC9 /* IQUIView+Hierarchy.m in Sources */ = {isa = PBXBuildFile; fileRef = A4386E651EE8F163001F4BC9 /* IQUIView+Hierarchy.m */; };
		A4386EA31EE8F163001F4BC9 /* IQUIViewController+Additions.h in Headers */ = {isa = PBXBuildFile; fileRef = A4386E661EE8F163001F4BC9 /* IQUIViewController+Additions.h */; settings = {ATTRIBUTES = (Public, ); }; };
		A4386EA41EE8F163001F4BC9 /* IQUIViewController+Additions.m in Sources */ = {isa = PBXBuildFile; fileRef = A4386E671EE8F163001F4BC9 /* IQUIViewController+Additions.m */; };
		A4386EA51EE8F163001F4BC9 /* IQUIWindow+Hierarchy.h in Headers */ = {isa = PBXBuildFile; fileRef = A4386E681EE8F163001F4BC9 /* IQUIWindow+Hierarchy.h */; settings = {ATTRIBUTES = (Public, ); }; };
		A4386EA61EE8F163001F4BC9 /* IQUIWindow+Hierarchy.m in Sources */ = {isa = PBXBuildFile; fileRef = A4386E691EE8F163001F4BC9 /* IQUIWindow+Hierarchy.m */; };
		A4386EA71EE8F163001F4BC9 /* IQKeyboardManagerConstants.h in Headers */ = {isa = PBXBuildFile; fileRef = A4386E6B1EE8F163001F4BC9 /* IQKeyboardManagerConstants.h */; settings = {ATTRIBUTES = (Public, ); }; };
		A4386EA81EE8F163001F4BC9 /* IQKeyboardManagerConstantsInternal.h in Headers */ = {isa = PBXBuildFile; fileRef = A4386E6C1EE8F163001F4BC9 /* IQKeyboardManagerConstantsInternal.h */; settings = {ATTRIBUTES = (Public, ); }; };
		A4386EA91EE8F163001F4BC9 /* IQKeyboardManager.h in Headers */ = {isa = PBXBuildFile; fileRef = A4386E6D1EE8F163001F4BC9 /* IQKeyboardManager.h */; settings = {ATTRIBUTES = (Public, ); }; };
		A4386EAA1EE8F163001F4BC9 /* IQKeyboardManager.m in Sources */ = {isa = PBXBuildFile; fileRef = A4386E6E1EE8F163001F4BC9 /* IQKeyboardManager.m */; };
		A4386EAB1EE8F163001F4BC9 /* IQKeyboardReturnKeyHandler.h in Headers */ = {isa = PBXBuildFile; fileRef = A4386E6F1EE8F163001F4BC9 /* IQKeyboardReturnKeyHandler.h */; settings = {ATTRIBUTES = (Public, ); }; };
		A4386EAC1EE8F163001F4BC9 /* IQKeyboardReturnKeyHandler.m in Sources */ = {isa = PBXBuildFile; fileRef = A4386E701EE8F163001F4BC9 /* IQKeyboardReturnKeyHandler.m */; };
		A4386EAD1EE8F163001F4BC9 /* IQTextView.h in Headers */ = {isa = PBXBuildFile; fileRef = A4386E721EE8F163001F4BC9 /* IQTextView.h */; settings = {ATTRIBUTES = (Public, ); }; };
		A4386EAE1EE8F163001F4BC9 /* IQTextView.m in Sources */ = {isa = PBXBuildFile; fileRef = A4386E731EE8F163001F4BC9 /* IQTextView.m */; };
		A4386EAF1EE8F163001F4BC9 /* IQBarButtonItem.h in Headers */ = {isa = PBXBuildFile; fileRef = A4386E751EE8F163001F4BC9 /* IQBarButtonItem.h */; settings = {ATTRIBUTES = (Public, ); }; };
		A4386EB01EE8F163001F4BC9 /* IQBarButtonItem.m in Sources */ = {isa = PBXBuildFile; fileRef = A4386E761EE8F163001F4BC9 /* IQBarButtonItem.m */; };
		A4386EB11EE8F163001F4BC9 /* IQPreviousNextView.h in Headers */ = {isa = PBXBuildFile; fileRef = A4386E771EE8F163001F4BC9 /* IQPreviousNextView.h */; settings = {ATTRIBUTES = (Public, ); }; };
		A4386EB21EE8F163001F4BC9 /* IQPreviousNextView.m in Sources */ = {isa = PBXBuildFile; fileRef = A4386E781EE8F163001F4BC9 /* IQPreviousNextView.m */; };
		A4386EB31EE8F163001F4BC9 /* IQTitleBarButtonItem.h in Headers */ = {isa = PBXBuildFile; fileRef = A4386E791EE8F163001F4BC9 /* IQTitleBarButtonItem.h */; settings = {ATTRIBUTES = (Public, ); }; };
		A4386EB41EE8F163001F4BC9 /* IQTitleBarButtonItem.m in Sources */ = {isa = PBXBuildFile; fileRef = A4386E7A1EE8F163001F4BC9 /* IQTitleBarButtonItem.m */; };
		A4386EB51EE8F163001F4BC9 /* IQToolbar.h in Headers */ = {isa = PBXBuildFile; fileRef = A4386E7B1EE8F163001F4BC9 /* IQToolbar.h */; settings = {ATTRIBUTES = (Public, ); }; };
		A4386EB61EE8F163001F4BC9 /* IQToolbar.m in Sources */ = {isa = PBXBuildFile; fileRef = A4386E7C1EE8F163001F4BC9 /* IQToolbar.m */; };
		A4386EB71EE8F163001F4BC9 /* IQUIView+IQKeyboardToolbar.h in Headers */ = {isa = PBXBuildFile; fileRef = A4386E7D1EE8F163001F4BC9 /* IQUIView+IQKeyboardToolbar.h */; settings = {ATTRIBUTES = (Public, ); }; };
		A4386EB81EE8F163001F4BC9 /* IQUIView+IQKeyboardToolbar.m in Sources */ = {isa = PBXBuildFile; fileRef = A4386E7E1EE8F163001F4BC9 /* IQUIView+IQKeyboardToolbar.m */; };
		A4386EB91EE8F163001F4BC9 /* IQKeyboardManager.bundle in Resources */ = {isa = PBXBuildFile; fileRef = A4386E801EE8F163001F4BC9 /* IQKeyboardManager.bundle */; };
		A4386EBA1EE8F163001F4BC9 /* MASCompositeConstraint.h in Headers */ = {isa = PBXBuildFile; fileRef = A4386E821EE8F163001F4BC9 /* MASCompositeConstraint.h */; settings = {ATTRIBUTES = (Public, ); }; };
		A4386EBB1EE8F163001F4BC9 /* MASCompositeConstraint.m in Sources */ = {isa = PBXBuildFile; fileRef = A4386E831EE8F163001F4BC9 /* MASCompositeConstraint.m */; };
		A4386EBC1EE8F163001F4BC9 /* MASConstraint+Private.h in Headers */ = {isa = PBXBuildFile; fileRef = A4386E841EE8F163001F4BC9 /* MASConstraint+Private.h */; settings = {ATTRIBUTES = (Public, ); }; };
		A4386EBD1EE8F163001F4BC9 /* MASConstraint.h in Headers */ = {isa = PBXBuildFile; fileRef = A4386E851EE8F163001F4BC9 /* MASConstraint.h */; settings = {ATTRIBUTES = (Public, ); }; };
		A4386EBE1EE8F163001F4BC9 /* MASConstraint.m in Sources */ = {isa = PBXBuildFile; fileRef = A4386E861EE8F163001F4BC9 /* MASConstraint.m */; };
		A4386EBF1EE8F163001F4BC9 /* MASConstraintMaker.h in Headers */ = {isa = PBXBuildFile; fileRef = A4386E871EE8F163001F4BC9 /* MASConstraintMaker.h */; settings = {ATTRIBUTES = (Public, ); }; };
		A4386EC01EE8F163001F4BC9 /* MASConstraintMaker.m in Sources */ = {isa = PBXBuildFile; fileRef = A4386E881EE8F163001F4BC9 /* MASConstraintMaker.m */; };
		A4386EC11EE8F163001F4BC9 /* MASLayoutConstraint.h in Headers */ = {isa = PBXBuildFile; fileRef = A4386E891EE8F163001F4BC9 /* MASLayoutConstraint.h */; settings = {ATTRIBUTES = (Public, ); }; };
		A4386EC21EE8F163001F4BC9 /* MASLayoutConstraint.m in Sources */ = {isa = PBXBuildFile; fileRef = A4386E8A1EE8F163001F4BC9 /* MASLayoutConstraint.m */; };
		A4386EC31EE8F163001F4BC9 /* Masonry.h in Headers */ = {isa = PBXBuildFile; fileRef = A4386E8B1EE8F163001F4BC9 /* Masonry.h */; settings = {ATTRIBUTES = (Public, ); }; };
		A4386EC41EE8F163001F4BC9 /* MASUtilities.h in Headers */ = {isa = PBXBuildFile; fileRef = A4386E8C1EE8F163001F4BC9 /* MASUtilities.h */; settings = {ATTRIBUTES = (Public, ); }; };
		A4386EC51EE8F163001F4BC9 /* MASViewAttribute.h in Headers */ = {isa = PBXBuildFile; fileRef = A4386E8D1EE8F163001F4BC9 /* MASViewAttribute.h */; settings = {ATTRIBUTES = (Public, ); }; };
		A4386EC61EE8F163001F4BC9 /* MASViewAttribute.m in Sources */ = {isa = PBXBuildFile; fileRef = A4386E8E1EE8F163001F4BC9 /* MASViewAttribute.m */; };
		A4386EC71EE8F163001F4BC9 /* MASViewConstraint.h in Headers */ = {isa = PBXBuildFile; fileRef = A4386E8F1EE8F163001F4BC9 /* MASViewConstraint.h */; settings = {ATTRIBUTES = (Public, ); }; };
		A4386EC81EE8F163001F4BC9 /* MASViewConstraint.m in Sources */ = {isa = PBXBuildFile; fileRef = A4386E901EE8F163001F4BC9 /* MASViewConstraint.m */; };
		A4386EC91EE8F163001F4BC9 /* NSArray+MASAdditions.h in Headers */ = {isa = PBXBuildFile; fileRef = A4386E911EE8F163001F4BC9 /* NSArray+MASAdditions.h */; settings = {ATTRIBUTES = (Public, ); }; };
		A4386ECA1EE8F163001F4BC9 /* NSArray+MASAdditions.m in Sources */ = {isa = PBXBuildFile; fileRef = A4386E921EE8F163001F4BC9 /* NSArray+MASAdditions.m */; };
		A4386ECB1EE8F163001F4BC9 /* NSArray+MASShorthandAdditions.h in Headers */ = {isa = PBXBuildFile; fileRef = A4386E931EE8F163001F4BC9 /* NSArray+MASShorthandAdditions.h */; settings = {ATTRIBUTES = (Public, ); }; };
		A4386ECC1EE8F163001F4BC9 /* NSLayoutConstraint+MASDebugAdditions.h in Headers */ = {isa = PBXBuildFile; fileRef = A4386E941EE8F163001F4BC9 /* NSLayoutConstraint+MASDebugAdditions.h */; settings = {ATTRIBUTES = (Public, ); }; };
		A4386ECD1EE8F163001F4BC9 /* NSLayoutConstraint+MASDebugAdditions.m in Sources */ = {isa = PBXBuildFile; fileRef = A4386E951EE8F163001F4BC9 /* NSLayoutConstraint+MASDebugAdditions.m */; };
		A4386ECE1EE8F163001F4BC9 /* View+MASAdditions.h in Headers */ = {isa = PBXBuildFile; fileRef = A4386E961EE8F163001F4BC9 /* View+MASAdditions.h */; settings = {ATTRIBUTES = (Public, ); }; };
		A4386ECF1EE8F163001F4BC9 /* View+MASAdditions.m in Sources */ = {isa = PBXBuildFile; fileRef = A4386E971EE8F163001F4BC9 /* View+MASAdditions.m */; };
		A4386ED01EE8F163001F4BC9 /* View+MASShorthandAdditions.h in Headers */ = {isa = PBXBuildFile; fileRef = A4386E981EE8F163001F4BC9 /* View+MASShorthandAdditions.h */; settings = {ATTRIBUTES = (Public, ); }; };
		A4386ED11EE8F163001F4BC9 /* ViewController+MASAdditions.h in Headers */ = {isa = PBXBuildFile; fileRef = A4386E991EE8F163001F4BC9 /* ViewController+MASAdditions.h */; settings = {ATTRIBUTES = (Public, ); }; };
		A4386ED21EE8F163001F4BC9 /* ViewController+MASAdditions.m in Sources */ = {isa = PBXBuildFile; fileRef = A4386E9A1EE8F163001F4BC9 /* ViewController+MASAdditions.m */; };
		A46FBC481EE6EE4500BA0CC1 /* OtherFramework.framework in Frameworks */ = {isa = PBXBuildFile; fileRef = A46FBC3E1EE6EE4500BA0CC1 /* OtherFramework.framework */; };
		A46FBC4D1EE6EE4500BA0CC1 /* OtherFrameworkTests.m in Sources */ = {isa = PBXBuildFile; fileRef = A46FBC4C1EE6EE4500BA0CC1 /* OtherFrameworkTests.m */; };
		A46FBC4F1EE6EE4500BA0CC1 /* OtherFramework.h in Headers */ = {isa = PBXBuildFile; fileRef = A46FBC411EE6EE4500BA0CC1 /* OtherFramework.h */; settings = {ATTRIBUTES = (Public, ); }; };
		A46FBC681EE6EE6600BA0CC1 /* TAAbstractDotView.h in Headers */ = {isa = PBXBuildFile; fileRef = A46FBC5A1EE6EE6600BA0CC1 /* TAAbstractDotView.h */; settings = {ATTRIBUTES = (Public, ); }; };
		A46FBC691EE6EE6600BA0CC1 /* TAAbstractDotView.m in Sources */ = {isa = PBXBuildFile; fileRef = A46FBC5B1EE6EE6600BA0CC1 /* TAAbstractDotView.m */; };
		A46FBC6A1EE6EE6600BA0CC1 /* TAAnimatedDotView.h in Headers */ = {isa = PBXBuildFile; fileRef = A46FBC5C1EE6EE6600BA0CC1 /* TAAnimatedDotView.h */; settings = {ATTRIBUTES = (Public, ); }; };
		A46FBC6B1EE6EE6600BA0CC1 /* TAAnimatedDotView.m in Sources */ = {isa = PBXBuildFile; fileRef = A46FBC5D1EE6EE6600BA0CC1 /* TAAnimatedDotView.m */; };
		A46FBC6C1EE6EE6600BA0CC1 /* TADotView.h in Headers */ = {isa = PBXBuildFile; fileRef = A46FBC5E1EE6EE6600BA0CC1 /* TADotView.h */; settings = {ATTRIBUTES = (Public, ); }; };
		A46FBC6D1EE6EE6600BA0CC1 /* TADotView.m in Sources */ = {isa = PBXBuildFile; fileRef = A46FBC5F1EE6EE6600BA0CC1 /* TADotView.m */; };
		A46FBC6E1EE6EE6600BA0CC1 /* TAPageControl.h in Headers */ = {isa = PBXBuildFile; fileRef = A46FBC601EE6EE6600BA0CC1 /* TAPageControl.h */; settings = {ATTRIBUTES = (Public, ); }; };
		A46FBC6F1EE6EE6600BA0CC1 /* TAPageControl.m in Sources */ = {isa = PBXBuildFile; fileRef = A46FBC611EE6EE6600BA0CC1 /* TAPageControl.m */; };
		A46FBC701EE6EE6600BA0CC1 /* SDCollectionViewCell.h in Headers */ = {isa = PBXBuildFile; fileRef = A46FBC621EE6EE6600BA0CC1 /* SDCollectionViewCell.h */; settings = {ATTRIBUTES = (Public, ); }; };
		A46FBC711EE6EE6600BA0CC1 /* SDCollectionViewCell.m in Sources */ = {isa = PBXBuildFile; fileRef = A46FBC631EE6EE6600BA0CC1 /* SDCollectionViewCell.m */; };
		A46FBC721EE6EE6600BA0CC1 /* SDCycleScrollView.h in Headers */ = {isa = PBXBuildFile; fileRef = A46FBC641EE6EE6600BA0CC1 /* SDCycleScrollView.h */; settings = {ATTRIBUTES = (Public, ); }; };
		A46FBC731EE6EE6600BA0CC1 /* SDCycleScrollView.m in Sources */ = {isa = PBXBuildFile; fileRef = A46FBC651EE6EE6600BA0CC1 /* SDCycleScrollView.m */; };
		A46FBC741EE6EE6600BA0CC1 /* UIView+SDExtension.h in Headers */ = {isa = PBXBuildFile; fileRef = A46FBC661EE6EE6600BA0CC1 /* UIView+SDExtension.h */; settings = {ATTRIBUTES = (Public, ); }; };
		A46FBC751EE6EE6600BA0CC1 /* UIView+SDExtension.m in Sources */ = {isa = PBXBuildFile; fileRef = A46FBC671EE6EE6600BA0CC1 /* UIView+SDExtension.m */; };
		A46FBC9F1EE6EFF800BA0CC1 /* NSData+ImageContentType.h in Headers */ = {isa = PBXBuildFile; fileRef = A46FBC7C1EE6EFF800BA0CC1 /* NSData+ImageContentType.h */; settings = {ATTRIBUTES = (Public, ); }; };
		A46FBCA01EE6EFF800BA0CC1 /* NSData+ImageContentType.m in Sources */ = {isa = PBXBuildFile; fileRef = A46FBC7D1EE6EFF800BA0CC1 /* NSData+ImageContentType.m */; };
		A46FBCA11EE6EFF800BA0CC1 /* NSImage+WebCache.h in Headers */ = {isa = PBXBuildFile; fileRef = A46FBC7E1EE6EFF800BA0CC1 /* NSImage+WebCache.h */; settings = {ATTRIBUTES = (Public, ); }; };
		A46FBCA21EE6EFF800BA0CC1 /* NSImage+WebCache.m in Sources */ = {isa = PBXBuildFile; fileRef = A46FBC7F1EE6EFF800BA0CC1 /* NSImage+WebCache.m */; };
		A46FBCA31EE6EFF800BA0CC1 /* SDImageCache.h in Headers */ = {isa = PBXBuildFile; fileRef = A46FBC801EE6EFF800BA0CC1 /* SDImageCache.h */; settings = {ATTRIBUTES = (Public, ); }; };
		A46FBCA41EE6EFF800BA0CC1 /* SDImageCache.m in Sources */ = {isa = PBXBuildFile; fileRef = A46FBC811EE6EFF800BA0CC1 /* SDImageCache.m */; };
		A46FBCA51EE6EFF800BA0CC1 /* SDImageCacheConfig.h in Headers */ = {isa = PBXBuildFile; fileRef = A46FBC821EE6EFF800BA0CC1 /* SDImageCacheConfig.h */; settings = {ATTRIBUTES = (Public, ); }; };
		A46FBCA61EE6EFF800BA0CC1 /* SDImageCacheConfig.m in Sources */ = {isa = PBXBuildFile; fileRef = A46FBC831EE6EFF800BA0CC1 /* SDImageCacheConfig.m */; };
		A46FBCA71EE6EFF800BA0CC1 /* SDWebImageCompat.h in Headers */ = {isa = PBXBuildFile; fileRef = A46FBC841EE6EFF800BA0CC1 /* SDWebImageCompat.h */; settings = {ATTRIBUTES = (Public, ); }; };
		A46FBCA81EE6EFF800BA0CC1 /* SDWebImageCompat.m in Sources */ = {isa = PBXBuildFile; fileRef = A46FBC851EE6EFF800BA0CC1 /* SDWebImageCompat.m */; };
		A46FBCA91EE6EFF900BA0CC1 /* SDWebImageDecoder.h in Headers */ = {isa = PBXBuildFile; fileRef = A46FBC861EE6EFF800BA0CC1 /* SDWebImageDecoder.h */; settings = {ATTRIBUTES = (Public, ); }; };
		A46FBCAA1EE6EFF900BA0CC1 /* SDWebImageDecoder.m in Sources */ = {isa = PBXBuildFile; fileRef = A46FBC871EE6EFF800BA0CC1 /* SDWebImageDecoder.m */; };
		A46FBCAB1EE6EFF900BA0CC1 /* SDWebImageDownloader.h in Headers */ = {isa = PBXBuildFile; fileRef = A46FBC881EE6EFF800BA0CC1 /* SDWebImageDownloader.h */; settings = {ATTRIBUTES = (Public, ); }; };
		A46FBCAC1EE6EFF900BA0CC1 /* SDWebImageDownloader.m in Sources */ = {isa = PBXBuildFile; fileRef = A46FBC891EE6EFF800BA0CC1 /* SDWebImageDownloader.m */; };
		A46FBCAD1EE6EFF900BA0CC1 /* SDWebImageDownloaderOperation.h in Headers */ = {isa = PBXBuildFile; fileRef = A46FBC8A1EE6EFF800BA0CC1 /* SDWebImageDownloaderOperation.h */; settings = {ATTRIBUTES = (Public, ); }; };
		A46FBCAE1EE6EFF900BA0CC1 /* SDWebImageDownloaderOperation.m in Sources */ = {isa = PBXBuildFile; fileRef = A46FBC8B1EE6EFF800BA0CC1 /* SDWebImageDownloaderOperation.m */; };
		A46FBCAF1EE6EFF900BA0CC1 /* SDWebImageManager.h in Headers */ = {isa = PBXBuildFile; fileRef = A46FBC8C1EE6EFF800BA0CC1 /* SDWebImageManager.h */; settings = {ATTRIBUTES = (Public, ); }; };
		A46FBCB01EE6EFF900BA0CC1 /* SDWebImageManager.m in Sources */ = {isa = PBXBuildFile; fileRef = A46FBC8D1EE6EFF800BA0CC1 /* SDWebImageManager.m */; };
		A46FBCB11EE6EFF900BA0CC1 /* SDWebImageOperation.h in Headers */ = {isa = PBXBuildFile; fileRef = A46FBC8E1EE6EFF800BA0CC1 /* SDWebImageOperation.h */; settings = {ATTRIBUTES = (Public, ); }; };
		A46FBCB21EE6EFF900BA0CC1 /* SDWebImagePrefetcher.h in Headers */ = {isa = PBXBuildFile; fileRef = A46FBC8F1EE6EFF800BA0CC1 /* SDWebImagePrefetcher.h */; settings = {ATTRIBUTES = (Public, ); }; };
		A46FBCB31EE6EFF900BA0CC1 /* SDWebImagePrefetcher.m in Sources */ = {isa = PBXBuildFile; fileRef = A46FBC901EE6EFF800BA0CC1 /* SDWebImagePrefetcher.m */; };
		A46FBCB41EE6EFF900BA0CC1 /* UIButton+WebCache.h in Headers */ = {isa = PBXBuildFile; fileRef = A46FBC911EE6EFF800BA0CC1 /* UIButton+WebCache.h */; settings = {ATTRIBUTES = (Public, ); }; };
		A46FBCB51EE6EFF900BA0CC1 /* UIButton+WebCache.m in Sources */ = {isa = PBXBuildFile; fileRef = A46FBC921EE6EFF800BA0CC1 /* UIButton+WebCache.m */; };
		A46FBCB61EE6EFF900BA0CC1 /* UIImage+GIF.h in Headers */ = {isa = PBXBuildFile; fileRef = A46FBC931EE6EFF800BA0CC1 /* UIImage+GIF.h */; settings = {ATTRIBUTES = (Public, ); }; };
		A46FBCB71EE6EFF900BA0CC1 /* UIImage+GIF.m in Sources */ = {isa = PBXBuildFile; fileRef = A46FBC941EE6EFF800BA0CC1 /* UIImage+GIF.m */; };
		A46FBCB81EE6EFF900BA0CC1 /* UIImage+MultiFormat.h in Headers */ = {isa = PBXBuildFile; fileRef = A46FBC951EE6EFF800BA0CC1 /* UIImage+MultiFormat.h */; settings = {ATTRIBUTES = (Public, ); }; };
		A46FBCB91EE6EFF900BA0CC1 /* UIImage+MultiFormat.m in Sources */ = {isa = PBXBuildFile; fileRef = A46FBC961EE6EFF800BA0CC1 /* UIImage+MultiFormat.m */; };
		A46FBCBA1EE6EFF900BA0CC1 /* UIImageView+HighlightedWebCache.h in Headers */ = {isa = PBXBuildFile; fileRef = A46FBC971EE6EFF800BA0CC1 /* UIImageView+HighlightedWebCache.h */; settings = {ATTRIBUTES = (Public, ); }; };
		A46FBCBB1EE6EFF900BA0CC1 /* UIImageView+HighlightedWebCache.m in Sources */ = {isa = PBXBuildFile; fileRef = A46FBC981EE6EFF800BA0CC1 /* UIImageView+HighlightedWebCache.m */; };
		A46FBCBC1EE6EFF900BA0CC1 /* UIImageView+WebCache.h in Headers */ = {isa = PBXBuildFile; fileRef = A46FBC991EE6EFF800BA0CC1 /* UIImageView+WebCache.h */; settings = {ATTRIBUTES = (Public, ); }; };
		A46FBCBD1EE6EFF900BA0CC1 /* UIImageView+WebCache.m in Sources */ = {isa = PBXBuildFile; fileRef = A46FBC9A1EE6EFF800BA0CC1 /* UIImageView+WebCache.m */; };
		A46FBCBE1EE6EFF900BA0CC1 /* UIView+WebCache.h in Headers */ = {isa = PBXBuildFile; fileRef = A46FBC9B1EE6EFF800BA0CC1 /* UIView+WebCache.h */; settings = {ATTRIBUTES = (Public, ); }; };
		A46FBCBF1EE6EFF900BA0CC1 /* UIView+WebCache.m in Sources */ = {isa = PBXBuildFile; fileRef = A46FBC9C1EE6EFF800BA0CC1 /* UIView+WebCache.m */; };
		A46FBCC01EE6EFF900BA0CC1 /* UIView+WebCacheOperation.h in Headers */ = {isa = PBXBuildFile; fileRef = A46FBC9D1EE6EFF800BA0CC1 /* UIView+WebCacheOperation.h */; settings = {ATTRIBUTES = (Public, ); }; };
		A46FBCC11EE6EFF900BA0CC1 /* UIView+WebCacheOperation.m in Sources */ = {isa = PBXBuildFile; fileRef = A46FBC9E1EE6EFF800BA0CC1 /* UIView+WebCacheOperation.m */; };
		A4BA968F1F14BAF700C3C613 /* FMDatabase.h in Headers */ = {isa = PBXBuildFile; fileRef = A4BA96821F14BAF700C3C613 /* FMDatabase.h */; settings = {ATTRIBUTES = (Public, ); }; };
		A4BA96901F14BAF700C3C613 /* FMDatabase.m in Sources */ = {isa = PBXBuildFile; fileRef = A4BA96831F14BAF700C3C613 /* FMDatabase.m */; };
		A4BA96911F14BAF700C3C613 /* FMDatabaseAdditions.h in Headers */ = {isa = PBXBuildFile; fileRef = A4BA96841F14BAF700C3C613 /* FMDatabaseAdditions.h */; settings = {ATTRIBUTES = (Public, ); }; };
		A4BA96921F14BAF700C3C613 /* FMDatabaseAdditions.m in Sources */ = {isa = PBXBuildFile; fileRef = A4BA96851F14BAF700C3C613 /* FMDatabaseAdditions.m */; };
		A4BA96931F14BAF700C3C613 /* FMDatabasePool.h in Headers */ = {isa = PBXBuildFile; fileRef = A4BA96861F14BAF700C3C613 /* FMDatabasePool.h */; settings = {ATTRIBUTES = (Public, ); }; };
		A4BA96941F14BAF700C3C613 /* FMDatabasePool.m in Sources */ = {isa = PBXBuildFile; fileRef = A4BA96871F14BAF700C3C613 /* FMDatabasePool.m */; };
		A4BA96951F14BAF700C3C613 /* FMDatabaseQueue.h in Headers */ = {isa = PBXBuildFile; fileRef = A4BA96881F14BAF700C3C613 /* FMDatabaseQueue.h */; settings = {ATTRIBUTES = (Public, ); }; };
		A4BA96961F14BAF700C3C613 /* FMDatabaseQueue.m in Sources */ = {isa = PBXBuildFile; fileRef = A4BA96891F14BAF700C3C613 /* FMDatabaseQueue.m */; };
		A4BA96971F14BAF700C3C613 /* FMDB.h in Headers */ = {isa = PBXBuildFile; fileRef = A4BA968A1F14BAF700C3C613 /* FMDB.h */; settings = {ATTRIBUTES = (Public, ); }; };
		A4BA96981F14BAF700C3C613 /* FMResultSet.h in Headers */ = {isa = PBXBuildFile; fileRef = A4BA968B1F14BAF700C3C613 /* FMResultSet.h */; settings = {ATTRIBUTES = (Public, ); }; };
		A4BA96991F14BAF700C3C613 /* FMResultSet.m in Sources */ = {isa = PBXBuildFile; fileRef = A4BA968C1F14BAF700C3C613 /* FMResultSet.m */; };
		A4BA969A1F14BAF700C3C613 /* JQFMDB.h in Headers */ = {isa = PBXBuildFile; fileRef = A4BA968D1F14BAF700C3C613 /* JQFMDB.h */; settings = {ATTRIBUTES = (Public, ); }; };
		A4BA969B1F14BAF700C3C613 /* JQFMDB.m in Sources */ = {isa = PBXBuildFile; fileRef = A4BA968E1F14BAF700C3C613 /* JQFMDB.m */; };
		A4BA969E1F14BB8800C3C613 /* libsqlite3.0.tbd in Frameworks */ = {isa = PBXBuildFile; fileRef = A4BA969D1F14BB8800C3C613 /* libsqlite3.0.tbd */; };
		A4C38D631F0B785000A52AB2 /* CYLConstants.h in Headers */ = {isa = PBXBuildFile; fileRef = A4C38D541F0B785000A52AB2 /* CYLConstants.h */; settings = {ATTRIBUTES = (Public, ); }; };
		A4C38D641F0B785000A52AB2 /* CYLPlusButton.h in Headers */ = {isa = PBXBuildFile; fileRef = A4C38D551F0B785000A52AB2 /* CYLPlusButton.h */; settings = {ATTRIBUTES = (Public, ); }; };
		A4C38D651F0B785000A52AB2 /* CYLPlusButton.m in Sources */ = {isa = PBXBuildFile; fileRef = A4C38D561F0B785000A52AB2 /* CYLPlusButton.m */; };
		A4C38D661F0B785000A52AB2 /* CYLTabBar.h in Headers */ = {isa = PBXBuildFile; fileRef = A4C38D571F0B785000A52AB2 /* CYLTabBar.h */; settings = {ATTRIBUTES = (Public, ); }; };
		A4C38D671F0B785000A52AB2 /* CYLTabBar.m in Sources */ = {isa = PBXBuildFile; fileRef = A4C38D581F0B785000A52AB2 /* CYLTabBar.m */; };
		A4C38D681F0B785000A52AB2 /* CYLTabBarController.h in Headers */ = {isa = PBXBuildFile; fileRef = A4C38D591F0B785000A52AB2 /* CYLTabBarController.h */; settings = {ATTRIBUTES = (Public, ); }; };
		A4C38D691F0B785000A52AB2 /* CYLTabBarController.m in Sources */ = {isa = PBXBuildFile; fileRef = A4C38D5A1F0B785000A52AB2 /* CYLTabBarController.m */; };
		A4C38D6A1F0B785000A52AB2 /* UIControl+CYLTabBarControllerExtention.h in Headers */ = {isa = PBXBuildFile; fileRef = A4C38D5B1F0B785000A52AB2 /* UIControl+CYLTabBarControllerExtention.h */; settings = {ATTRIBUTES = (Public, ); }; };
		A4C38D6B1F0B785000A52AB2 /* UIControl+CYLTabBarControllerExtention.m in Sources */ = {isa = PBXBuildFile; fileRef = A4C38D5C1F0B785000A52AB2 /* UIControl+CYLTabBarControllerExtention.m */; };
		A4C38D6C1F0B785000A52AB2 /* UITabBarItem+CYLTabBarControllerExtention.h in Headers */ = {isa = PBXBuildFile; fileRef = A4C38D5D1F0B785000A52AB2 /* UITabBarItem+CYLTabBarControllerExtention.h */; settings = {ATTRIBUTES = (Public, ); }; };
		A4C38D6D1F0B785000A52AB2 /* UITabBarItem+CYLTabBarControllerExtention.m in Sources */ = {isa = PBXBuildFile; fileRef = A4C38D5E1F0B785000A52AB2 /* UITabBarItem+CYLTabBarControllerExtention.m */; };
		A4C38D6E1F0B785000A52AB2 /* UIView+CYLTabBarControllerExtention.h in Headers */ = {isa = PBXBuildFile; fileRef = A4C38D5F1F0B785000A52AB2 /* UIView+CYLTabBarControllerExtention.h */; settings = {ATTRIBUTES = (Public, ); }; };
		A4C38D6F1F0B785000A52AB2 /* UIView+CYLTabBarControllerExtention.m in Sources */ = {isa = PBXBuildFile; fileRef = A4C38D601F0B785000A52AB2 /* UIView+CYLTabBarControllerExtention.m */; };
		A4C38D701F0B785000A52AB2 /* UIViewController+CYLTabBarControllerExtention.h in Headers */ = {isa = PBXBuildFile; fileRef = A4C38D611F0B785000A52AB2 /* UIViewController+CYLTabBarControllerExtention.h */; settings = {ATTRIBUTES = (Public, ); }; };
		A4C38D711F0B785000A52AB2 /* UIViewController+CYLTabBarControllerExtention.m in Sources */ = {isa = PBXBuildFile; fileRef = A4C38D621F0B785000A52AB2 /* UIViewController+CYLTabBarControllerExtention.m */; };
/* End PBXBuildFile section */

/* Begin PBXContainerItemProxy section */
		A46FBC491EE6EE4500BA0CC1 /* PBXContainerItemProxy */ = {
			isa = PBXContainerItemProxy;
			containerPortal = A46FBC351EE6EE4500BA0CC1 /* Project object */;
			proxyType = 1;
			remoteGlobalIDString = A46FBC3D1EE6EE4500BA0CC1;
			remoteInfo = OtherFramework;
		};
/* End PBXContainerItemProxy section */

/* Begin PBXFileReference section */
		A42AC5021F15CDC100DA0D58 /* NSObject+YYModel.h */ = {isa = PBXFileReference; fileEncoding = 4; lastKnownFileType = sourcecode.c.h; path = "NSObject+YYModel.h"; sourceTree = "<group>"; };
		A42AC5031F15CDC100DA0D58 /* NSObject+YYModel.m */ = {isa = PBXFileReference; fileEncoding = 4; lastKnownFileType = sourcecode.c.objc; path = "NSObject+YYModel.m"; sourceTree = "<group>"; };
		A42AC5041F15CDC100DA0D58 /* YYClassInfo.h */ = {isa = PBXFileReference; fileEncoding = 4; lastKnownFileType = sourcecode.c.h; path = YYClassInfo.h; sourceTree = "<group>"; };
		A42AC5051F15CDC100DA0D58 /* YYClassInfo.m */ = {isa = PBXFileReference; fileEncoding = 4; lastKnownFileType = sourcecode.c.objc; path = YYClassInfo.m; sourceTree = "<group>"; };
		A42AC5061F15CDC100DA0D58 /* YYModel.h */ = {isa = PBXFileReference; fileEncoding = 4; lastKnownFileType = sourcecode.c.h; path = YYModel.h; sourceTree = "<group>"; };
		A4386E5E1EE8F163001F4BC9 /* IQNSArray+Sort.h */ = {isa = PBXFileReference; fileEncoding = 4; lastKnownFileType = sourcecode.c.h; path = "IQNSArray+Sort.h"; sourceTree = "<group>"; };
		A4386E5F1EE8F163001F4BC9 /* IQNSArray+Sort.m */ = {isa = PBXFileReference; fileEncoding = 4; lastKnownFileType = sourcecode.c.objc; path = "IQNSArray+Sort.m"; sourceTree = "<group>"; };
		A4386E601EE8F163001F4BC9 /* IQUIScrollView+Additions.h */ = {isa = PBXFileReference; fileEncoding = 4; lastKnownFileType = sourcecode.c.h; path = "IQUIScrollView+Additions.h"; sourceTree = "<group>"; };
		A4386E611EE8F163001F4BC9 /* IQUIScrollView+Additions.m */ = {isa = PBXFileReference; fileEncoding = 4; lastKnownFileType = sourcecode.c.objc; path = "IQUIScrollView+Additions.m"; sourceTree = "<group>"; };
		A4386E621EE8F163001F4BC9 /* IQUITextFieldView+Additions.h */ = {isa = PBXFileReference; fileEncoding = 4; lastKnownFileType = sourcecode.c.h; path = "IQUITextFieldView+Additions.h"; sourceTree = "<group>"; };
		A4386E631EE8F163001F4BC9 /* IQUITextFieldView+Additions.m */ = {isa = PBXFileReference; fileEncoding = 4; lastKnownFileType = sourcecode.c.objc; path = "IQUITextFieldView+Additions.m"; sourceTree = "<group>"; };
		A4386E641EE8F163001F4BC9 /* IQUIView+Hierarchy.h */ = {isa = PBXFileReference; fileEncoding = 4; lastKnownFileType = sourcecode.c.h; path = "IQUIView+Hierarchy.h"; sourceTree = "<group>"; };
		A4386E651EE8F163001F4BC9 /* IQUIView+Hierarchy.m */ = {isa = PBXFileReference; fileEncoding = 4; lastKnownFileType = sourcecode.c.objc; path = "IQUIView+Hierarchy.m"; sourceTree = "<group>"; };
		A4386E661EE8F163001F4BC9 /* IQUIViewController+Additions.h */ = {isa = PBXFileReference; fileEncoding = 4; lastKnownFileType = sourcecode.c.h; path = "IQUIViewController+Additions.h"; sourceTree = "<group>"; };
		A4386E671EE8F163001F4BC9 /* IQUIViewController+Additions.m */ = {isa = PBXFileReference; fileEncoding = 4; lastKnownFileType = sourcecode.c.objc; path = "IQUIViewController+Additions.m"; sourceTree = "<group>"; };
		A4386E681EE8F163001F4BC9 /* IQUIWindow+Hierarchy.h */ = {isa = PBXFileReference; fileEncoding = 4; lastKnownFileType = sourcecode.c.h; path = "IQUIWindow+Hierarchy.h"; sourceTree = "<group>"; };
		A4386E691EE8F163001F4BC9 /* IQUIWindow+Hierarchy.m */ = {isa = PBXFileReference; fileEncoding = 4; lastKnownFileType = sourcecode.c.objc; path = "IQUIWindow+Hierarchy.m"; sourceTree = "<group>"; };
		A4386E6B1EE8F163001F4BC9 /* IQKeyboardManagerConstants.h */ = {isa = PBXFileReference; fileEncoding = 4; lastKnownFileType = sourcecode.c.h; path = IQKeyboardManagerConstants.h; sourceTree = "<group>"; };
		A4386E6C1EE8F163001F4BC9 /* IQKeyboardManagerConstantsInternal.h */ = {isa = PBXFileReference; fileEncoding = 4; lastKnownFileType = sourcecode.c.h; path = IQKeyboardManagerConstantsInternal.h; sourceTree = "<group>"; };
		A4386E6D1EE8F163001F4BC9 /* IQKeyboardManager.h */ = {isa = PBXFileReference; fileEncoding = 4; lastKnownFileType = sourcecode.c.h; path = IQKeyboardManager.h; sourceTree = "<group>"; };
		A4386E6E1EE8F163001F4BC9 /* IQKeyboardManager.m */ = {isa = PBXFileReference; fileEncoding = 4; lastKnownFileType = sourcecode.c.objc; path = IQKeyboardManager.m; sourceTree = "<group>"; };
		A4386E6F1EE8F163001F4BC9 /* IQKeyboardReturnKeyHandler.h */ = {isa = PBXFileReference; fileEncoding = 4; lastKnownFileType = sourcecode.c.h; path = IQKeyboardReturnKeyHandler.h; sourceTree = "<group>"; };
		A4386E701EE8F163001F4BC9 /* IQKeyboardReturnKeyHandler.m */ = {isa = PBXFileReference; fileEncoding = 4; lastKnownFileType = sourcecode.c.objc; path = IQKeyboardReturnKeyHandler.m; sourceTree = "<group>"; };
		A4386E721EE8F163001F4BC9 /* IQTextView.h */ = {isa = PBXFileReference; fileEncoding = 4; lastKnownFileType = sourcecode.c.h; path = IQTextView.h; sourceTree = "<group>"; };
		A4386E731EE8F163001F4BC9 /* IQTextView.m */ = {isa = PBXFileReference; fileEncoding = 4; lastKnownFileType = sourcecode.c.objc; path = IQTextView.m; sourceTree = "<group>"; };
		A4386E751EE8F163001F4BC9 /* IQBarButtonItem.h */ = {isa = PBXFileReference; fileEncoding = 4; lastKnownFileType = sourcecode.c.h; path = IQBarButtonItem.h; sourceTree = "<group>"; };
		A4386E761EE8F163001F4BC9 /* IQBarButtonItem.m */ = {isa = PBXFileReference; fileEncoding = 4; lastKnownFileType = sourcecode.c.objc; path = IQBarButtonItem.m; sourceTree = "<group>"; };
		A4386E771EE8F163001F4BC9 /* IQPreviousNextView.h */ = {isa = PBXFileReference; fileEncoding = 4; lastKnownFileType = sourcecode.c.h; path = IQPreviousNextView.h; sourceTree = "<group>"; };
		A4386E781EE8F163001F4BC9 /* IQPreviousNextView.m */ = {isa = PBXFileReference; fileEncoding = 4; lastKnownFileType = sourcecode.c.objc; path = IQPreviousNextView.m; sourceTree = "<group>"; };
		A4386E791EE8F163001F4BC9 /* IQTitleBarButtonItem.h */ = {isa = PBXFileReference; fileEncoding = 4; lastKnownFileType = sourcecode.c.h; path = IQTitleBarButtonItem.h; sourceTree = "<group>"; };
		A4386E7A1EE8F163001F4BC9 /* IQTitleBarButtonItem.m */ = {isa = PBXFileReference; fileEncoding = 4; lastKnownFileType = sourcecode.c.objc; path = IQTitleBarButtonItem.m; sourceTree = "<group>"; };
		A4386E7B1EE8F163001F4BC9 /* IQToolbar.h */ = {isa = PBXFileReference; fileEncoding = 4; lastKnownFileType = sourcecode.c.h; path = IQToolbar.h; sourceTree = "<group>"; };
		A4386E7C1EE8F163001F4BC9 /* IQToolbar.m */ = {isa = PBXFileReference; fileEncoding = 4; lastKnownFileType = sourcecode.c.objc; path = IQToolbar.m; sourceTree = "<group>"; };
		A4386E7D1EE8F163001F4BC9 /* IQUIView+IQKeyboardToolbar.h */ = {isa = PBXFileReference; fileEncoding = 4; lastKnownFileType = sourcecode.c.h; path = "IQUIView+IQKeyboardToolbar.h"; sourceTree = "<group>"; };
		A4386E7E1EE8F163001F4BC9 /* IQUIView+IQKeyboardToolbar.m */ = {isa = PBXFileReference; fileEncoding = 4; lastKnownFileType = sourcecode.c.objc; path = "IQUIView+IQKeyboardToolbar.m"; sourceTree = "<group>"; };
		A4386E801EE8F163001F4BC9 /* IQKeyboardManager.bundle */ = {isa = PBXFileReference; lastKnownFileType = "wrapper.plug-in"; path = IQKeyboardManager.bundle; sourceTree = "<group>"; };
		A4386E821EE8F163001F4BC9 /* MASCompositeConstraint.h */ = {isa = PBXFileReference; fileEncoding = 4; lastKnownFileType = sourcecode.c.h; path = MASCompositeConstraint.h; sourceTree = "<group>"; };
		A4386E831EE8F163001F4BC9 /* MASCompositeConstraint.m */ = {isa = PBXFileReference; fileEncoding = 4; lastKnownFileType = sourcecode.c.objc; path = MASCompositeConstraint.m; sourceTree = "<group>"; };
		A4386E841EE8F163001F4BC9 /* MASConstraint+Private.h */ = {isa = PBXFileReference; fileEncoding = 4; lastKnownFileType = sourcecode.c.h; path = "MASConstraint+Private.h"; sourceTree = "<group>"; };
		A4386E851EE8F163001F4BC9 /* MASConstraint.h */ = {isa = PBXFileReference; fileEncoding = 4; lastKnownFileType = sourcecode.c.h; path = MASConstraint.h; sourceTree = "<group>"; };
		A4386E861EE8F163001F4BC9 /* MASConstraint.m */ = {isa = PBXFileReference; fileEncoding = 4; lastKnownFileType = sourcecode.c.objc; path = MASConstraint.m; sourceTree = "<group>"; };
		A4386E871EE8F163001F4BC9 /* MASConstraintMaker.h */ = {isa = PBXFileReference; fileEncoding = 4; lastKnownFileType = sourcecode.c.h; path = MASConstraintMaker.h; sourceTree = "<group>"; };
		A4386E881EE8F163001F4BC9 /* MASConstraintMaker.m */ = {isa = PBXFileReference; fileEncoding = 4; lastKnownFileType = sourcecode.c.objc; path = MASConstraintMaker.m; sourceTree = "<group>"; };
		A4386E891EE8F163001F4BC9 /* MASLayoutConstraint.h */ = {isa = PBXFileReference; fileEncoding = 4; lastKnownFileType = sourcecode.c.h; path = MASLayoutConstraint.h; sourceTree = "<group>"; };
		A4386E8A1EE8F163001F4BC9 /* MASLayoutConstraint.m */ = {isa = PBXFileReference; fileEncoding = 4; lastKnownFileType = sourcecode.c.objc; path = MASLayoutConstraint.m; sourceTree = "<group>"; };
		A4386E8B1EE8F163001F4BC9 /* Masonry.h */ = {isa = PBXFileReference; fileEncoding = 4; lastKnownFileType = sourcecode.c.h; path = Masonry.h; sourceTree = "<group>"; };
		A4386E8C1EE8F163001F4BC9 /* MASUtilities.h */ = {isa = PBXFileReference; fileEncoding = 4; lastKnownFileType = sourcecode.c.h; path = MASUtilities.h; sourceTree = "<group>"; };
		A4386E8D1EE8F163001F4BC9 /* MASViewAttribute.h */ = {isa = PBXFileReference; fileEncoding = 4; lastKnownFileType = sourcecode.c.h; path = MASViewAttribute.h; sourceTree = "<group>"; };
		A4386E8E1EE8F163001F4BC9 /* MASViewAttribute.m */ = {isa = PBXFileReference; fileEncoding = 4; lastKnownFileType = sourcecode.c.objc; path = MASViewAttribute.m; sourceTree = "<group>"; };
		A4386E8F1EE8F163001F4BC9 /* MASViewConstraint.h */ = {isa = PBXFileReference; fileEncoding = 4; lastKnownFileType = sourcecode.c.h; path = MASViewConstraint.h; sourceTree = "<group>"; };
		A4386E901EE8F163001F4BC9 /* MASViewConstraint.m */ = {isa = PBXFileReference; fileEncoding = 4; lastKnownFileType = sourcecode.c.objc; path = MASViewConstraint.m; sourceTree = "<group>"; };
		A4386E911EE8F163001F4BC9 /* NSArray+MASAdditions.h */ = {isa = PBXFileReference; fileEncoding = 4; lastKnownFileType = sourcecode.c.h; path = "NSArray+MASAdditions.h"; sourceTree = "<group>"; };
		A4386E921EE8F163001F4BC9 /* NSArray+MASAdditions.m */ = {isa = PBXFileReference; fileEncoding = 4; lastKnownFileType = sourcecode.c.objc; path = "NSArray+MASAdditions.m"; sourceTree = "<group>"; };
		A4386E931EE8F163001F4BC9 /* NSArray+MASShorthandAdditions.h */ = {isa = PBXFileReference; fileEncoding = 4; lastKnownFileType = sourcecode.c.h; path = "NSArray+MASShorthandAdditions.h"; sourceTree = "<group>"; };
		A4386E941EE8F163001F4BC9 /* NSLayoutConstraint+MASDebugAdditions.h */ = {isa = PBXFileReference; fileEncoding = 4; lastKnownFileType = sourcecode.c.h; path = "NSLayoutConstraint+MASDebugAdditions.h"; sourceTree = "<group>"; };
		A4386E951EE8F163001F4BC9 /* NSLayoutConstraint+MASDebugAdditions.m */ = {isa = PBXFileReference; fileEncoding = 4; lastKnownFileType = sourcecode.c.objc; path = "NSLayoutConstraint+MASDebugAdditions.m"; sourceTree = "<group>"; };
		A4386E961EE8F163001F4BC9 /* View+MASAdditions.h */ = {isa = PBXFileReference; fileEncoding = 4; lastKnownFileType = sourcecode.c.h; path = "View+MASAdditions.h"; sourceTree = "<group>"; };
		A4386E971EE8F163001F4BC9 /* View+MASAdditions.m */ = {isa = PBXFileReference; fileEncoding = 4; lastKnownFileType = sourcecode.c.objc; path = "View+MASAdditions.m"; sourceTree = "<group>"; };
		A4386E981EE8F163001F4BC9 /* View+MASShorthandAdditions.h */ = {isa = PBXFileReference; fileEncoding = 4; lastKnownFileType = sourcecode.c.h; path = "View+MASShorthandAdditions.h"; sourceTree = "<group>"; };
		A4386E991EE8F163001F4BC9 /* ViewController+MASAdditions.h */ = {isa = PBXFileReference; fileEncoding = 4; lastKnownFileType = sourcecode.c.h; path = "ViewController+MASAdditions.h"; sourceTree = "<group>"; };
		A4386E9A1EE8F163001F4BC9 /* ViewController+MASAdditions.m */ = {isa = PBXFileReference; fileEncoding = 4; lastKnownFileType = sourcecode.c.objc; path = "ViewController+MASAdditions.m"; sourceTree = "<group>"; };
		A46FBC3E1EE6EE4500BA0CC1 /* OtherFramework.framework */ = {isa = PBXFileReference; explicitFileType = wrapper.framework; includeInIndex = 0; path = OtherFramework.framework; sourceTree = BUILT_PRODUCTS_DIR; };
		A46FBC411EE6EE4500BA0CC1 /* OtherFramework.h */ = {isa = PBXFileReference; lastKnownFileType = sourcecode.c.h; path = OtherFramework.h; sourceTree = "<group>"; };
		A46FBC421EE6EE4500BA0CC1 /* Info.plist */ = {isa = PBXFileReference; lastKnownFileType = text.plist.xml; path = Info.plist; sourceTree = "<group>"; };
		A46FBC471EE6EE4500BA0CC1 /* OtherFrameworkTests.xctest */ = {isa = PBXFileReference; explicitFileType = wrapper.cfbundle; includeInIndex = 0; path = OtherFrameworkTests.xctest; sourceTree = BUILT_PRODUCTS_DIR; };
		A46FBC4C1EE6EE4500BA0CC1 /* OtherFrameworkTests.m */ = {isa = PBXFileReference; lastKnownFileType = sourcecode.c.objc; path = OtherFrameworkTests.m; sourceTree = "<group>"; };
		A46FBC4E1EE6EE4500BA0CC1 /* Info.plist */ = {isa = PBXFileReference; lastKnownFileType = text.plist.xml; path = Info.plist; sourceTree = "<group>"; };
		A46FBC5A1EE6EE6600BA0CC1 /* TAAbstractDotView.h */ = {isa = PBXFileReference; fileEncoding = 4; lastKnownFileType = sourcecode.c.h; path = TAAbstractDotView.h; sourceTree = "<group>"; };
		A46FBC5B1EE6EE6600BA0CC1 /* TAAbstractDotView.m */ = {isa = PBXFileReference; fileEncoding = 4; lastKnownFileType = sourcecode.c.objc; path = TAAbstractDotView.m; sourceTree = "<group>"; };
		A46FBC5C1EE6EE6600BA0CC1 /* TAAnimatedDotView.h */ = {isa = PBXFileReference; fileEncoding = 4; lastKnownFileType = sourcecode.c.h; path = TAAnimatedDotView.h; sourceTree = "<group>"; };
		A46FBC5D1EE6EE6600BA0CC1 /* TAAnimatedDotView.m */ = {isa = PBXFileReference; fileEncoding = 4; lastKnownFileType = sourcecode.c.objc; path = TAAnimatedDotView.m; sourceTree = "<group>"; };
		A46FBC5E1EE6EE6600BA0CC1 /* TADotView.h */ = {isa = PBXFileReference; fileEncoding = 4; lastKnownFileType = sourcecode.c.h; path = TADotView.h; sourceTree = "<group>"; };
		A46FBC5F1EE6EE6600BA0CC1 /* TADotView.m */ = {isa = PBXFileReference; fileEncoding = 4; lastKnownFileType = sourcecode.c.objc; path = TADotView.m; sourceTree = "<group>"; };
		A46FBC601EE6EE6600BA0CC1 /* TAPageControl.h */ = {isa = PBXFileReference; fileEncoding = 4; lastKnownFileType = sourcecode.c.h; path = TAPageControl.h; sourceTree = "<group>"; };
		A46FBC611EE6EE6600BA0CC1 /* TAPageControl.m */ = {isa = PBXFileReference; fileEncoding = 4; lastKnownFileType = sourcecode.c.objc; path = TAPageControl.m; sourceTree = "<group>"; };
		A46FBC621EE6EE6600BA0CC1 /* SDCollectionViewCell.h */ = {isa = PBXFileReference; fileEncoding = 4; lastKnownFileType = sourcecode.c.h; path = SDCollectionViewCell.h; sourceTree = "<group>"; };
		A46FBC631EE6EE6600BA0CC1 /* SDCollectionViewCell.m */ = {isa = PBXFileReference; fileEncoding = 4; lastKnownFileType = sourcecode.c.objc; path = SDCollectionViewCell.m; sourceTree = "<group>"; };
		A46FBC641EE6EE6600BA0CC1 /* SDCycleScrollView.h */ = {isa = PBXFileReference; fileEncoding = 4; lastKnownFileType = sourcecode.c.h; path = SDCycleScrollView.h; sourceTree = "<group>"; };
		A46FBC651EE6EE6600BA0CC1 /* SDCycleScrollView.m */ = {isa = PBXFileReference; fileEncoding = 4; lastKnownFileType = sourcecode.c.objc; path = SDCycleScrollView.m; sourceTree = "<group>"; };
		A46FBC661EE6EE6600BA0CC1 /* UIView+SDExtension.h */ = {isa = PBXFileReference; fileEncoding = 4; lastKnownFileType = sourcecode.c.h; path = "UIView+SDExtension.h"; sourceTree = "<group>"; };
		A46FBC671EE6EE6600BA0CC1 /* UIView+SDExtension.m */ = {isa = PBXFileReference; fileEncoding = 4; lastKnownFileType = sourcecode.c.objc; path = "UIView+SDExtension.m"; sourceTree = "<group>"; };
		A46FBC7C1EE6EFF800BA0CC1 /* NSData+ImageContentType.h */ = {isa = PBXFileReference; fileEncoding = 4; lastKnownFileType = sourcecode.c.h; path = "NSData+ImageContentType.h"; sourceTree = "<group>"; };
		A46FBC7D1EE6EFF800BA0CC1 /* NSData+ImageContentType.m */ = {isa = PBXFileReference; fileEncoding = 4; lastKnownFileType = sourcecode.c.objc; path = "NSData+ImageContentType.m"; sourceTree = "<group>"; };
		A46FBC7E1EE6EFF800BA0CC1 /* NSImage+WebCache.h */ = {isa = PBXFileReference; fileEncoding = 4; lastKnownFileType = sourcecode.c.h; path = "NSImage+WebCache.h"; sourceTree = "<group>"; };
		A46FBC7F1EE6EFF800BA0CC1 /* NSImage+WebCache.m */ = {isa = PBXFileReference; fileEncoding = 4; lastKnownFileType = sourcecode.c.objc; path = "NSImage+WebCache.m"; sourceTree = "<group>"; };
		A46FBC801EE6EFF800BA0CC1 /* SDImageCache.h */ = {isa = PBXFileReference; fileEncoding = 4; lastKnownFileType = sourcecode.c.h; path = SDImageCache.h; sourceTree = "<group>"; };
		A46FBC811EE6EFF800BA0CC1 /* SDImageCache.m */ = {isa = PBXFileReference; fileEncoding = 4; lastKnownFileType = sourcecode.c.objc; path = SDImageCache.m; sourceTree = "<group>"; };
		A46FBC821EE6EFF800BA0CC1 /* SDImageCacheConfig.h */ = {isa = PBXFileReference; fileEncoding = 4; lastKnownFileType = sourcecode.c.h; path = SDImageCacheConfig.h; sourceTree = "<group>"; };
		A46FBC831EE6EFF800BA0CC1 /* SDImageCacheConfig.m */ = {isa = PBXFileReference; fileEncoding = 4; lastKnownFileType = sourcecode.c.objc; path = SDImageCacheConfig.m; sourceTree = "<group>"; };
		A46FBC841EE6EFF800BA0CC1 /* SDWebImageCompat.h */ = {isa = PBXFileReference; fileEncoding = 4; lastKnownFileType = sourcecode.c.h; path = SDWebImageCompat.h; sourceTree = "<group>"; };
		A46FBC851EE6EFF800BA0CC1 /* SDWebImageCompat.m */ = {isa = PBXFileReference; fileEncoding = 4; lastKnownFileType = sourcecode.c.objc; path = SDWebImageCompat.m; sourceTree = "<group>"; };
		A46FBC861EE6EFF800BA0CC1 /* SDWebImageDecoder.h */ = {isa = PBXFileReference; fileEncoding = 4; lastKnownFileType = sourcecode.c.h; path = SDWebImageDecoder.h; sourceTree = "<group>"; };
		A46FBC871EE6EFF800BA0CC1 /* SDWebImageDecoder.m */ = {isa = PBXFileReference; fileEncoding = 4; lastKnownFileType = sourcecode.c.objc; path = SDWebImageDecoder.m; sourceTree = "<group>"; };
		A46FBC881EE6EFF800BA0CC1 /* SDWebImageDownloader.h */ = {isa = PBXFileReference; fileEncoding = 4; lastKnownFileType = sourcecode.c.h; path = SDWebImageDownloader.h; sourceTree = "<group>"; };
		A46FBC891EE6EFF800BA0CC1 /* SDWebImageDownloader.m */ = {isa = PBXFileReference; fileEncoding = 4; lastKnownFileType = sourcecode.c.objc; path = SDWebImageDownloader.m; sourceTree = "<group>"; };
		A46FBC8A1EE6EFF800BA0CC1 /* SDWebImageDownloaderOperation.h */ = {isa = PBXFileReference; fileEncoding = 4; lastKnownFileType = sourcecode.c.h; path = SDWebImageDownloaderOperation.h; sourceTree = "<group>"; };
		A46FBC8B1EE6EFF800BA0CC1 /* SDWebImageDownloaderOperation.m */ = {isa = PBXFileReference; fileEncoding = 4; lastKnownFileType = sourcecode.c.objc; path = SDWebImageDownloaderOperation.m; sourceTree = "<group>"; };
		A46FBC8C1EE6EFF800BA0CC1 /* SDWebImageManager.h */ = {isa = PBXFileReference; fileEncoding = 4; lastKnownFileType = sourcecode.c.h; path = SDWebImageManager.h; sourceTree = "<group>"; };
		A46FBC8D1EE6EFF800BA0CC1 /* SDWebImageManager.m */ = {isa = PBXFileReference; fileEncoding = 4; lastKnownFileType = sourcecode.c.objc; path = SDWebImageManager.m; sourceTree = "<group>"; };
		A46FBC8E1EE6EFF800BA0CC1 /* SDWebImageOperation.h */ = {isa = PBXFileReference; fileEncoding = 4; lastKnownFileType = sourcecode.c.h; path = SDWebImageOperation.h; sourceTree = "<group>"; };
		A46FBC8F1EE6EFF800BA0CC1 /* SDWebImagePrefetcher.h */ = {isa = PBXFileReference; fileEncoding = 4; lastKnownFileType = sourcecode.c.h; path = SDWebImagePrefetcher.h; sourceTree = "<group>"; };
		A46FBC901EE6EFF800BA0CC1 /* SDWebImagePrefetcher.m */ = {isa = PBXFileReference; fileEncoding = 4; lastKnownFileType = sourcecode.c.objc; path = SDWebImagePrefetcher.m; sourceTree = "<group>"; };
		A46FBC911EE6EFF800BA0CC1 /* UIButton+WebCache.h */ = {isa = PBXFileReference; fileEncoding = 4; lastKnownFileType = sourcecode.c.h; path = "UIButton+WebCache.h"; sourceTree = "<group>"; };
		A46FBC921EE6EFF800BA0CC1 /* UIButton+WebCache.m */ = {isa = PBXFileReference; fileEncoding = 4; lastKnownFileType = sourcecode.c.objc; path = "UIButton+WebCache.m"; sourceTree = "<group>"; };
		A46FBC931EE6EFF800BA0CC1 /* UIImage+GIF.h */ = {isa = PBXFileReference; fileEncoding = 4; lastKnownFileType = sourcecode.c.h; path = "UIImage+GIF.h"; sourceTree = "<group>"; };
		A46FBC941EE6EFF800BA0CC1 /* UIImage+GIF.m */ = {isa = PBXFileReference; fileEncoding = 4; lastKnownFileType = sourcecode.c.objc; path = "UIImage+GIF.m"; sourceTree = "<group>"; };
		A46FBC951EE6EFF800BA0CC1 /* UIImage+MultiFormat.h */ = {isa = PBXFileReference; fileEncoding = 4; lastKnownFileType = sourcecode.c.h; path = "UIImage+MultiFormat.h"; sourceTree = "<group>"; };
		A46FBC961EE6EFF800BA0CC1 /* UIImage+MultiFormat.m */ = {isa = PBXFileReference; fileEncoding = 4; lastKnownFileType = sourcecode.c.objc; path = "UIImage+MultiFormat.m"; sourceTree = "<group>"; };
		A46FBC971EE6EFF800BA0CC1 /* UIImageView+HighlightedWebCache.h */ = {isa = PBXFileReference; fileEncoding = 4; lastKnownFileType = sourcecode.c.h; path = "UIImageView+HighlightedWebCache.h"; sourceTree = "<group>"; };
		A46FBC981EE6EFF800BA0CC1 /* UIImageView+HighlightedWebCache.m */ = {isa = PBXFileReference; fileEncoding = 4; lastKnownFileType = sourcecode.c.objc; path = "UIImageView+HighlightedWebCache.m"; sourceTree = "<group>"; };
		A46FBC991EE6EFF800BA0CC1 /* UIImageView+WebCache.h */ = {isa = PBXFileReference; fileEncoding = 4; lastKnownFileType = sourcecode.c.h; path = "UIImageView+WebCache.h"; sourceTree = "<group>"; };
		A46FBC9A1EE6EFF800BA0CC1 /* UIImageView+WebCache.m */ = {isa = PBXFileReference; fileEncoding = 4; lastKnownFileType = sourcecode.c.objc; path = "UIImageView+WebCache.m"; sourceTree = "<group>"; };
		A46FBC9B1EE6EFF800BA0CC1 /* UIView+WebCache.h */ = {isa = PBXFileReference; fileEncoding = 4; lastKnownFileType = sourcecode.c.h; path = "UIView+WebCache.h"; sourceTree = "<group>"; };
		A46FBC9C1EE6EFF800BA0CC1 /* UIView+WebCache.m */ = {isa = PBXFileReference; fileEncoding = 4; lastKnownFileType = sourcecode.c.objc; path = "UIView+WebCache.m"; sourceTree = "<group>"; };
		A46FBC9D1EE6EFF800BA0CC1 /* UIView+WebCacheOperation.h */ = {isa = PBXFileReference; fileEncoding = 4; lastKnownFileType = sourcecode.c.h; path = "UIView+WebCacheOperation.h"; sourceTree = "<group>"; };
		A46FBC9E1EE6EFF800BA0CC1 /* UIView+WebCacheOperation.m */ = {isa = PBXFileReference; fileEncoding = 4; lastKnownFileType = sourcecode.c.objc; path = "UIView+WebCacheOperation.m"; sourceTree = "<group>"; };
		A4BA96821F14BAF700C3C613 /* FMDatabase.h */ = {isa = PBXFileReference; fileEncoding = 4; lastKnownFileType = sourcecode.c.h; path = FMDatabase.h; sourceTree = "<group>"; };
		A4BA96831F14BAF700C3C613 /* FMDatabase.m */ = {isa = PBXFileReference; fileEncoding = 4; lastKnownFileType = sourcecode.c.objc; path = FMDatabase.m; sourceTree = "<group>"; };
		A4BA96841F14BAF700C3C613 /* FMDatabaseAdditions.h */ = {isa = PBXFileReference; fileEncoding = 4; lastKnownFileType = sourcecode.c.h; path = FMDatabaseAdditions.h; sourceTree = "<group>"; };
		A4BA96851F14BAF700C3C613 /* FMDatabaseAdditions.m */ = {isa = PBXFileReference; fileEncoding = 4; lastKnownFileType = sourcecode.c.objc; path = FMDatabaseAdditions.m; sourceTree = "<group>"; };
		A4BA96861F14BAF700C3C613 /* FMDatabasePool.h */ = {isa = PBXFileReference; fileEncoding = 4; lastKnownFileType = sourcecode.c.h; path = FMDatabasePool.h; sourceTree = "<group>"; };
		A4BA96871F14BAF700C3C613 /* FMDatabasePool.m */ = {isa = PBXFileReference; fileEncoding = 4; lastKnownFileType = sourcecode.c.objc; path = FMDatabasePool.m; sourceTree = "<group>"; };
		A4BA96881F14BAF700C3C613 /* FMDatabaseQueue.h */ = {isa = PBXFileReference; fileEncoding = 4; lastKnownFileType = sourcecode.c.h; path = FMDatabaseQueue.h; sourceTree = "<group>"; };
		A4BA96891F14BAF700C3C613 /* FMDatabaseQueue.m */ = {isa = PBXFileReference; fileEncoding = 4; lastKnownFileType = sourcecode.c.objc; path = FMDatabaseQueue.m; sourceTree = "<group>"; };
		A4BA968A1F14BAF700C3C613 /* FMDB.h */ = {isa = PBXFileReference; fileEncoding = 4; lastKnownFileType = sourcecode.c.h; path = FMDB.h; sourceTree = "<group>"; };
		A4BA968B1F14BAF700C3C613 /* FMResultSet.h */ = {isa = PBXFileReference; fileEncoding = 4; lastKnownFileType = sourcecode.c.h; path = FMResultSet.h; sourceTree = "<group>"; };
		A4BA968C1F14BAF700C3C613 /* FMResultSet.m */ = {isa = PBXFileReference; fileEncoding = 4; lastKnownFileType = sourcecode.c.objc; path = FMResultSet.m; sourceTree = "<group>"; };
		A4BA968D1F14BAF700C3C613 /* JQFMDB.h */ = {isa = PBXFileReference; fileEncoding = 4; lastKnownFileType = sourcecode.c.h; path = JQFMDB.h; sourceTree = "<group>"; };
		A4BA968E1F14BAF700C3C613 /* JQFMDB.m */ = {isa = PBXFileReference; fileEncoding = 4; lastKnownFileType = sourcecode.c.objc; path = JQFMDB.m; sourceTree = "<group>"; };
		A4BA969D1F14BB8800C3C613 /* libsqlite3.0.tbd */ = {isa = PBXFileReference; lastKnownFileType = "sourcecode.text-based-dylib-definition"; name = libsqlite3.0.tbd; path = usr/lib/libsqlite3.0.tbd; sourceTree = SDKROOT; };
		A4C38D541F0B785000A52AB2 /* CYLConstants.h */ = {isa = PBXFileReference; fileEncoding = 4; lastKnownFileType = sourcecode.c.h; path = CYLConstants.h; sourceTree = "<group>"; };
		A4C38D551F0B785000A52AB2 /* CYLPlusButton.h */ = {isa = PBXFileReference; fileEncoding = 4; lastKnownFileType = sourcecode.c.h; path = CYLPlusButton.h; sourceTree = "<group>"; };
		A4C38D561F0B785000A52AB2 /* CYLPlusButton.m */ = {isa = PBXFileReference; fileEncoding = 4; lastKnownFileType = sourcecode.c.objc; path = CYLPlusButton.m; sourceTree = "<group>"; };
		A4C38D571F0B785000A52AB2 /* CYLTabBar.h */ = {isa = PBXFileReference; fileEncoding = 4; lastKnownFileType = sourcecode.c.h; path = CYLTabBar.h; sourceTree = "<group>"; };
		A4C38D581F0B785000A52AB2 /* CYLTabBar.m */ = {isa = PBXFileReference; fileEncoding = 4; lastKnownFileType = sourcecode.c.objc; path = CYLTabBar.m; sourceTree = "<group>"; };
		A4C38D591F0B785000A52AB2 /* CYLTabBarController.h */ = {isa = PBXFileReference; fileEncoding = 4; lastKnownFileType = sourcecode.c.h; path = CYLTabBarController.h; sourceTree = "<group>"; };
		A4C38D5A1F0B785000A52AB2 /* CYLTabBarController.m */ = {isa = PBXFileReference; fileEncoding = 4; lastKnownFileType = sourcecode.c.objc; path = CYLTabBarController.m; sourceTree = "<group>"; };
		A4C38D5B1F0B785000A52AB2 /* UIControl+CYLTabBarControllerExtention.h */ = {isa = PBXFileReference; fileEncoding = 4; lastKnownFileType = sourcecode.c.h; path = "UIControl+CYLTabBarControllerExtention.h"; sourceTree = "<group>"; };
		A4C38D5C1F0B785000A52AB2 /* UIControl+CYLTabBarControllerExtention.m */ = {isa = PBXFileReference; fileEncoding = 4; lastKnownFileType = sourcecode.c.objc; path = "UIControl+CYLTabBarControllerExtention.m"; sourceTree = "<group>"; };
		A4C38D5D1F0B785000A52AB2 /* UITabBarItem+CYLTabBarControllerExtention.h */ = {isa = PBXFileReference; fileEncoding = 4; lastKnownFileType = sourcecode.c.h; path = "UITabBarItem+CYLTabBarControllerExtention.h"; sourceTree = "<group>"; };
		A4C38D5E1F0B785000A52AB2 /* UITabBarItem+CYLTabBarControllerExtention.m */ = {isa = PBXFileReference; fileEncoding = 4; lastKnownFileType = sourcecode.c.objc; path = "UITabBarItem+CYLTabBarControllerExtention.m"; sourceTree = "<group>"; };
		A4C38D5F1F0B785000A52AB2 /* UIView+CYLTabBarControllerExtention.h */ = {isa = PBXFileReference; fileEncoding = 4; lastKnownFileType = sourcecode.c.h; path = "UIView+CYLTabBarControllerExtention.h"; sourceTree = "<group>"; };
		A4C38D601F0B785000A52AB2 /* UIView+CYLTabBarControllerExtention.m */ = {isa = PBXFileReference; fileEncoding = 4; lastKnownFileType = sourcecode.c.objc; path = "UIView+CYLTabBarControllerExtention.m"; sourceTree = "<group>"; };
		A4C38D611F0B785000A52AB2 /* UIViewController+CYLTabBarControllerExtention.h */ = {isa = PBXFileReference; fileEncoding = 4; lastKnownFileType = sourcecode.c.h; path = "UIViewController+CYLTabBarControllerExtention.h"; sourceTree = "<group>"; };
		A4C38D621F0B785000A52AB2 /* UIViewController+CYLTabBarControllerExtention.m */ = {isa = PBXFileReference; fileEncoding = 4; lastKnownFileType = sourcecode.c.objc; path = "UIViewController+CYLTabBarControllerExtention.m"; sourceTree = "<group>"; };
/* End PBXFileReference section */

/* Begin PBXFrameworksBuildPhase section */
		A46FBC3A1EE6EE4500BA0CC1 /* Frameworks */ = {
			isa = PBXFrameworksBuildPhase;
			buildActionMask = 2147483647;
			files = (
				A4BA969E1F14BB8800C3C613 /* libsqlite3.0.tbd in Frameworks */,
			);
			runOnlyForDeploymentPostprocessing = 0;
		};
		A46FBC441EE6EE4500BA0CC1 /* Frameworks */ = {
			isa = PBXFrameworksBuildPhase;
			buildActionMask = 2147483647;
			files = (
				A46FBC481EE6EE4500BA0CC1 /* OtherFramework.framework in Frameworks */,
			);
			runOnlyForDeploymentPostprocessing = 0;
		};
/* End PBXFrameworksBuildPhase section */

/* Begin PBXGroup section */
		A42AC5011F15CDC100DA0D58 /* YYModel */ = {
			isa = PBXGroup;
			children = (
				A42AC5021F15CDC100DA0D58 /* NSObject+YYModel.h */,
				A42AC5031F15CDC100DA0D58 /* NSObject+YYModel.m */,
				A42AC5041F15CDC100DA0D58 /* YYClassInfo.h */,
				A42AC5051F15CDC100DA0D58 /* YYClassInfo.m */,
				A42AC5061F15CDC100DA0D58 /* YYModel.h */,
			);
			path = YYModel;
			sourceTree = "<group>";
		};
		A4386E5C1EE8F163001F4BC9 /* IQKeyboardManager */ = {
			isa = PBXGroup;
			children = (
				A4386E5D1EE8F163001F4BC9 /* Categories */,
				A4386E6A1EE8F163001F4BC9 /* Constants */,
				A4386E6D1EE8F163001F4BC9 /* IQKeyboardManager.h */,
				A4386E6E1EE8F163001F4BC9 /* IQKeyboardManager.m */,
				A4386E6F1EE8F163001F4BC9 /* IQKeyboardReturnKeyHandler.h */,
				A4386E701EE8F163001F4BC9 /* IQKeyboardReturnKeyHandler.m */,
				A4386E711EE8F163001F4BC9 /* IQTextView */,
				A4386E741EE8F163001F4BC9 /* IQToolbar */,
				A4386E7F1EE8F163001F4BC9 /* Resources */,
			);
			path = IQKeyboardManager;
			sourceTree = "<group>";
		};
		A4386E5D1EE8F163001F4BC9 /* Categories */ = {
			isa = PBXGroup;
			children = (
				A4386E5E1EE8F163001F4BC9 /* IQNSArray+Sort.h */,
				A4386E5F1EE8F163001F4BC9 /* IQNSArray+Sort.m */,
				A4386E601EE8F163001F4BC9 /* IQUIScrollView+Additions.h */,
				A4386E611EE8F163001F4BC9 /* IQUIScrollView+Additions.m */,
				A4386E621EE8F163001F4BC9 /* IQUITextFieldView+Additions.h */,
				A4386E631EE8F163001F4BC9 /* IQUITextFieldView+Additions.m */,
				A4386E641EE8F163001F4BC9 /* IQUIView+Hierarchy.h */,
				A4386E651EE8F163001F4BC9 /* IQUIView+Hierarchy.m */,
				A4386E661EE8F163001F4BC9 /* IQUIViewController+Additions.h */,
				A4386E671EE8F163001F4BC9 /* IQUIViewController+Additions.m */,
				A4386E681EE8F163001F4BC9 /* IQUIWindow+Hierarchy.h */,
				A4386E691EE8F163001F4BC9 /* IQUIWindow+Hierarchy.m */,
			);
			path = Categories;
			sourceTree = "<group>";
		};
		A4386E6A1EE8F163001F4BC9 /* Constants */ = {
			isa = PBXGroup;
			children = (
				A4386E6B1EE8F163001F4BC9 /* IQKeyboardManagerConstants.h */,
				A4386E6C1EE8F163001F4BC9 /* IQKeyboardManagerConstantsInternal.h */,
			);
			path = Constants;
			sourceTree = "<group>";
		};
		A4386E711EE8F163001F4BC9 /* IQTextView */ = {
			isa = PBXGroup;
			children = (
				A4386E721EE8F163001F4BC9 /* IQTextView.h */,
				A4386E731EE8F163001F4BC9 /* IQTextView.m */,
			);
			path = IQTextView;
			sourceTree = "<group>";
		};
		A4386E741EE8F163001F4BC9 /* IQToolbar */ = {
			isa = PBXGroup;
			children = (
				A4386E751EE8F163001F4BC9 /* IQBarButtonItem.h */,
				A4386E761EE8F163001F4BC9 /* IQBarButtonItem.m */,
				A4386E771EE8F163001F4BC9 /* IQPreviousNextView.h */,
				A4386E781EE8F163001F4BC9 /* IQPreviousNextView.m */,
				A4386E791EE8F163001F4BC9 /* IQTitleBarButtonItem.h */,
				A4386E7A1EE8F163001F4BC9 /* IQTitleBarButtonItem.m */,
				A4386E7B1EE8F163001F4BC9 /* IQToolbar.h */,
				A4386E7C1EE8F163001F4BC9 /* IQToolbar.m */,
				A4386E7D1EE8F163001F4BC9 /* IQUIView+IQKeyboardToolbar.h */,
				A4386E7E1EE8F163001F4BC9 /* IQUIView+IQKeyboardToolbar.m */,
			);
			path = IQToolbar;
			sourceTree = "<group>";
		};
		A4386E7F1EE8F163001F4BC9 /* Resources */ = {
			isa = PBXGroup;
			children = (
				A4386E801EE8F163001F4BC9 /* IQKeyboardManager.bundle */,
			);
			path = Resources;
			sourceTree = "<group>";
		};
		A4386E811EE8F163001F4BC9 /* Masonry */ = {
			isa = PBXGroup;
			children = (
				A4386E821EE8F163001F4BC9 /* MASCompositeConstraint.h */,
				A4386E831EE8F163001F4BC9 /* MASCompositeConstraint.m */,
				A4386E841EE8F163001F4BC9 /* MASConstraint+Private.h */,
				A4386E851EE8F163001F4BC9 /* MASConstraint.h */,
				A4386E861EE8F163001F4BC9 /* MASConstraint.m */,
				A4386E871EE8F163001F4BC9 /* MASConstraintMaker.h */,
				A4386E881EE8F163001F4BC9 /* MASConstraintMaker.m */,
				A4386E891EE8F163001F4BC9 /* MASLayoutConstraint.h */,
				A4386E8A1EE8F163001F4BC9 /* MASLayoutConstraint.m */,
				A4386E8B1EE8F163001F4BC9 /* Masonry.h */,
				A4386E8C1EE8F163001F4BC9 /* MASUtilities.h */,
				A4386E8D1EE8F163001F4BC9 /* MASViewAttribute.h */,
				A4386E8E1EE8F163001F4BC9 /* MASViewAttribute.m */,
				A4386E8F1EE8F163001F4BC9 /* MASViewConstraint.h */,
				A4386E901EE8F163001F4BC9 /* MASViewConstraint.m */,
				A4386E911EE8F163001F4BC9 /* NSArray+MASAdditions.h */,
				A4386E921EE8F163001F4BC9 /* NSArray+MASAdditions.m */,
				A4386E931EE8F163001F4BC9 /* NSArray+MASShorthandAdditions.h */,
				A4386E941EE8F163001F4BC9 /* NSLayoutConstraint+MASDebugAdditions.h */,
				A4386E951EE8F163001F4BC9 /* NSLayoutConstraint+MASDebugAdditions.m */,
				A4386E961EE8F163001F4BC9 /* View+MASAdditions.h */,
				A4386E971EE8F163001F4BC9 /* View+MASAdditions.m */,
				A4386E981EE8F163001F4BC9 /* View+MASShorthandAdditions.h */,
				A4386E991EE8F163001F4BC9 /* ViewController+MASAdditions.h */,
				A4386E9A1EE8F163001F4BC9 /* ViewController+MASAdditions.m */,
			);
			path = Masonry;
			sourceTree = "<group>";
		};
		A46FBC341EE6EE4500BA0CC1 = {
			isa = PBXGroup;
			children = (
				A46FBC401EE6EE4500BA0CC1 /* OtherFramework */,
				A46FBC4B1EE6EE4500BA0CC1 /* OtherFrameworkTests */,
				A46FBC3F1EE6EE4500BA0CC1 /* Products */,
				A4BA969C1F14BB8800C3C613 /* Frameworks */,
			);
			sourceTree = "<group>";
		};
		A46FBC3F1EE6EE4500BA0CC1 /* Products */ = {
			isa = PBXGroup;
			children = (
				A46FBC3E1EE6EE4500BA0CC1 /* OtherFramework.framework */,
				A46FBC471EE6EE4500BA0CC1 /* OtherFrameworkTests.xctest */,
			);
			name = Products;
			sourceTree = "<group>";
		};
		A46FBC401EE6EE4500BA0CC1 /* OtherFramework */ = {
			isa = PBXGroup;
			children = (
				A42AC5011F15CDC100DA0D58 /* YYModel */,
				A4BA96801F14BAF700C3C613 /* JQFMDB */,
				A4C38D531F0B785000A52AB2 /* CYLTabBarController */,
				A4386E5C1EE8F163001F4BC9 /* IQKeyboardManager */,
				A4386E811EE8F163001F4BC9 /* Masonry */,
				A46FBC7B1EE6EFF800BA0CC1 /* SDWebImage */,
				A46FBC581EE6EE6600BA0CC1 /* SDCycleScrollView */,
				A46FBC411EE6EE4500BA0CC1 /* OtherFramework.h */,
				A46FBC421EE6EE4500BA0CC1 /* Info.plist */,
			);
			path = OtherFramework;
			sourceTree = "<group>";
		};
		A46FBC4B1EE6EE4500BA0CC1 /* OtherFrameworkTests */ = {
			isa = PBXGroup;
			children = (
				A46FBC4C1EE6EE4500BA0CC1 /* OtherFrameworkTests.m */,
				A46FBC4E1EE6EE4500BA0CC1 /* Info.plist */,
			);
			path = OtherFrameworkTests;
			sourceTree = "<group>";
		};
		A46FBC581EE6EE6600BA0CC1 /* SDCycleScrollView */ = {
			isa = PBXGroup;
			children = (
				A46FBC591EE6EE6600BA0CC1 /* PageControl */,
				A46FBC621EE6EE6600BA0CC1 /* SDCollectionViewCell.h */,
				A46FBC631EE6EE6600BA0CC1 /* SDCollectionViewCell.m */,
				A46FBC641EE6EE6600BA0CC1 /* SDCycleScrollView.h */,
				A46FBC651EE6EE6600BA0CC1 /* SDCycleScrollView.m */,
				A46FBC661EE6EE6600BA0CC1 /* UIView+SDExtension.h */,
				A46FBC671EE6EE6600BA0CC1 /* UIView+SDExtension.m */,
			);
			path = SDCycleScrollView;
			sourceTree = "<group>";
		};
		A46FBC591EE6EE6600BA0CC1 /* PageControl */ = {
			isa = PBXGroup;
			children = (
				A46FBC5A1EE6EE6600BA0CC1 /* TAAbstractDotView.h */,
				A46FBC5B1EE6EE6600BA0CC1 /* TAAbstractDotView.m */,
				A46FBC5C1EE6EE6600BA0CC1 /* TAAnimatedDotView.h */,
				A46FBC5D1EE6EE6600BA0CC1 /* TAAnimatedDotView.m */,
				A46FBC5E1EE6EE6600BA0CC1 /* TADotView.h */,
				A46FBC5F1EE6EE6600BA0CC1 /* TADotView.m */,
				A46FBC601EE6EE6600BA0CC1 /* TAPageControl.h */,
				A46FBC611EE6EE6600BA0CC1 /* TAPageControl.m */,
			);
			path = PageControl;
			sourceTree = "<group>";
		};
		A46FBC7B1EE6EFF800BA0CC1 /* SDWebImage */ = {
			isa = PBXGroup;
			children = (
				A46FBC7C1EE6EFF800BA0CC1 /* NSData+ImageContentType.h */,
				A46FBC7D1EE6EFF800BA0CC1 /* NSData+ImageContentType.m */,
				A46FBC7E1EE6EFF800BA0CC1 /* NSImage+WebCache.h */,
				A46FBC7F1EE6EFF800BA0CC1 /* NSImage+WebCache.m */,
				A46FBC801EE6EFF800BA0CC1 /* SDImageCache.h */,
				A46FBC811EE6EFF800BA0CC1 /* SDImageCache.m */,
				A46FBC821EE6EFF800BA0CC1 /* SDImageCacheConfig.h */,
				A46FBC831EE6EFF800BA0CC1 /* SDImageCacheConfig.m */,
				A46FBC841EE6EFF800BA0CC1 /* SDWebImageCompat.h */,
				A46FBC851EE6EFF800BA0CC1 /* SDWebImageCompat.m */,
				A46FBC861EE6EFF800BA0CC1 /* SDWebImageDecoder.h */,
				A46FBC871EE6EFF800BA0CC1 /* SDWebImageDecoder.m */,
				A46FBC881EE6EFF800BA0CC1 /* SDWebImageDownloader.h */,
				A46FBC891EE6EFF800BA0CC1 /* SDWebImageDownloader.m */,
				A46FBC8A1EE6EFF800BA0CC1 /* SDWebImageDownloaderOperation.h */,
				A46FBC8B1EE6EFF800BA0CC1 /* SDWebImageDownloaderOperation.m */,
				A46FBC8C1EE6EFF800BA0CC1 /* SDWebImageManager.h */,
				A46FBC8D1EE6EFF800BA0CC1 /* SDWebImageManager.m */,
				A46FBC8E1EE6EFF800BA0CC1 /* SDWebImageOperation.h */,
				A46FBC8F1EE6EFF800BA0CC1 /* SDWebImagePrefetcher.h */,
				A46FBC901EE6EFF800BA0CC1 /* SDWebImagePrefetcher.m */,
				A46FBC911EE6EFF800BA0CC1 /* UIButton+WebCache.h */,
				A46FBC921EE6EFF800BA0CC1 /* UIButton+WebCache.m */,
				A46FBC931EE6EFF800BA0CC1 /* UIImage+GIF.h */,
				A46FBC941EE6EFF800BA0CC1 /* UIImage+GIF.m */,
				A46FBC951EE6EFF800BA0CC1 /* UIImage+MultiFormat.h */,
				A46FBC961EE6EFF800BA0CC1 /* UIImage+MultiFormat.m */,
				A46FBC971EE6EFF800BA0CC1 /* UIImageView+HighlightedWebCache.h */,
				A46FBC981EE6EFF800BA0CC1 /* UIImageView+HighlightedWebCache.m */,
				A46FBC991EE6EFF800BA0CC1 /* UIImageView+WebCache.h */,
				A46FBC9A1EE6EFF800BA0CC1 /* UIImageView+WebCache.m */,
				A46FBC9B1EE6EFF800BA0CC1 /* UIView+WebCache.h */,
				A46FBC9C1EE6EFF800BA0CC1 /* UIView+WebCache.m */,
				A46FBC9D1EE6EFF800BA0CC1 /* UIView+WebCacheOperation.h */,
				A46FBC9E1EE6EFF800BA0CC1 /* UIView+WebCacheOperation.m */,
			);
			path = SDWebImage;
			sourceTree = "<group>";
		};
		A4BA96801F14BAF700C3C613 /* JQFMDB */ = {
			isa = PBXGroup;
			children = (
				A4BA96811F14BAF700C3C613 /* FMDB */,
				A4BA968D1F14BAF700C3C613 /* JQFMDB.h */,
				A4BA968E1F14BAF700C3C613 /* JQFMDB.m */,
			);
			path = JQFMDB;
			sourceTree = "<group>";
		};
		A4BA96811F14BAF700C3C613 /* FMDB */ = {
			isa = PBXGroup;
			children = (
				A4BA96821F14BAF700C3C613 /* FMDatabase.h */,
				A4BA96831F14BAF700C3C613 /* FMDatabase.m */,
				A4BA96841F14BAF700C3C613 /* FMDatabaseAdditions.h */,
				A4BA96851F14BAF700C3C613 /* FMDatabaseAdditions.m */,
				A4BA96861F14BAF700C3C613 /* FMDatabasePool.h */,
				A4BA96871F14BAF700C3C613 /* FMDatabasePool.m */,
				A4BA96881F14BAF700C3C613 /* FMDatabaseQueue.h */,
				A4BA96891F14BAF700C3C613 /* FMDatabaseQueue.m */,
				A4BA968A1F14BAF700C3C613 /* FMDB.h */,
				A4BA968B1F14BAF700C3C613 /* FMResultSet.h */,
				A4BA968C1F14BAF700C3C613 /* FMResultSet.m */,
			);
			path = FMDB;
			sourceTree = "<group>";
		};
		A4BA969C1F14BB8800C3C613 /* Frameworks */ = {
			isa = PBXGroup;
			children = (
				A4BA969D1F14BB8800C3C613 /* libsqlite3.0.tbd */,
			);
			name = Frameworks;
			sourceTree = "<group>";
		};
		A4C38D531F0B785000A52AB2 /* CYLTabBarController */ = {
			isa = PBXGroup;
			children = (
				A4C38D541F0B785000A52AB2 /* CYLConstants.h */,
				A4C38D551F0B785000A52AB2 /* CYLPlusButton.h */,
				A4C38D561F0B785000A52AB2 /* CYLPlusButton.m */,
				A4C38D571F0B785000A52AB2 /* CYLTabBar.h */,
				A4C38D581F0B785000A52AB2 /* CYLTabBar.m */,
				A4C38D591F0B785000A52AB2 /* CYLTabBarController.h */,
				A4C38D5A1F0B785000A52AB2 /* CYLTabBarController.m */,
				A4C38D5B1F0B785000A52AB2 /* UIControl+CYLTabBarControllerExtention.h */,
				A4C38D5C1F0B785000A52AB2 /* UIControl+CYLTabBarControllerExtention.m */,
				A4C38D5D1F0B785000A52AB2 /* UITabBarItem+CYLTabBarControllerExtention.h */,
				A4C38D5E1F0B785000A52AB2 /* UITabBarItem+CYLTabBarControllerExtention.m */,
				A4C38D5F1F0B785000A52AB2 /* UIView+CYLTabBarControllerExtention.h */,
				A4C38D601F0B785000A52AB2 /* UIView+CYLTabBarControllerExtention.m */,
				A4C38D611F0B785000A52AB2 /* UIViewController+CYLTabBarControllerExtention.h */,
				A4C38D621F0B785000A52AB2 /* UIViewController+CYLTabBarControllerExtention.m */,
			);
			path = CYLTabBarController;
			sourceTree = "<group>";
		};
/* End PBXGroup section */

/* Begin PBXHeadersBuildPhase section */
		A46FBC3B1EE6EE4500BA0CC1 /* Headers */ = {
			isa = PBXHeadersBuildPhase;
			buildActionMask = 2147483647;
			files = (
				A46FBC721EE6EE6600BA0CC1 /* SDCycleScrollView.h in Headers */,
				A46FBC6C1EE6EE6600BA0CC1 /* TADotView.h in Headers */,
				A46FBC741EE6EE6600BA0CC1 /* UIView+SDExtension.h in Headers */,
				A46FBC681EE6EE6600BA0CC1 /* TAAbstractDotView.h in Headers */,
				A46FBC6E1EE6EE6600BA0CC1 /* TAPageControl.h in Headers */,
				A46FBC4F1EE6EE4500BA0CC1 /* OtherFramework.h in Headers */,
				A46FBCB11EE6EFF900BA0CC1 /* SDWebImageOperation.h in Headers */,
				A46FBCA71EE6EFF800BA0CC1 /* SDWebImageCompat.h in Headers */,
				A46FBCBA1EE6EFF900BA0CC1 /* UIImageView+HighlightedWebCache.h in Headers */,
				A46FBCA51EE6EFF800BA0CC1 /* SDImageCacheConfig.h in Headers */,
				A46FBCAF1EE6EFF900BA0CC1 /* SDWebImageManager.h in Headers */,
				A4386EB31EE8F163001F4BC9 /* IQTitleBarButtonItem.h in Headers */,
				A4386EAB1EE8F163001F4BC9 /* IQKeyboardReturnKeyHandler.h in Headers */,
				A4386EA91EE8F163001F4BC9 /* IQKeyboardManager.h in Headers */,
				A4386EBA1EE8F163001F4BC9 /* MASCompositeConstraint.h in Headers */,
				A4386E9B1EE8F163001F4BC9 /* IQNSArray+Sort.h in Headers */,
				A4386ECB1EE8F163001F4BC9 /* NSArray+MASShorthandAdditions.h in Headers */,
				A4386EA71EE8F163001F4BC9 /* IQKeyboardManagerConstants.h in Headers */,
				A4386ECC1EE8F163001F4BC9 /* NSLayoutConstraint+MASDebugAdditions.h in Headers */,
				A4386EC51EE8F163001F4BC9 /* MASViewAttribute.h in Headers */,
				A4386EC71EE8F163001F4BC9 /* MASViewConstraint.h in Headers */,
				A4386EA51EE8F163001F4BC9 /* IQUIWindow+Hierarchy.h in Headers */,
				A4386EB51EE8F163001F4BC9 /* IQToolbar.h in Headers */,
				A4386EB11EE8F163001F4BC9 /* IQPreviousNextView.h in Headers */,
				A4386EA11EE8F163001F4BC9 /* IQUIView+Hierarchy.h in Headers */,
				A4386EBC1EE8F163001F4BC9 /* MASConstraint+Private.h in Headers */,
				A4386E9D1EE8F163001F4BC9 /* IQUIScrollView+Additions.h in Headers */,
				A4386E9F1EE8F163001F4BC9 /* IQUITextFieldView+Additions.h in Headers */,
				A4386EAF1EE8F163001F4BC9 /* IQBarButtonItem.h in Headers */,
				A4386EBD1EE8F163001F4BC9 /* MASConstraint.h in Headers */,
				A4386EA81EE8F163001F4BC9 /* IQKeyboardManagerConstantsInternal.h in Headers */,
				A4386EC41EE8F163001F4BC9 /* MASUtilities.h in Headers */,
				A4386EB71EE8F163001F4BC9 /* IQUIView+IQKeyboardToolbar.h in Headers */,
				A4386EA31EE8F163001F4BC9 /* IQUIViewController+Additions.h in Headers */,
				A4386EAD1EE8F163001F4BC9 /* IQTextView.h in Headers */,
				A4386ED01EE8F163001F4BC9 /* View+MASShorthandAdditions.h in Headers */,
				A4386ED11EE8F163001F4BC9 /* ViewController+MASAdditions.h in Headers */,
				A4386EC31EE8F163001F4BC9 /* Masonry.h in Headers */,
				A4386ECE1EE8F163001F4BC9 /* View+MASAdditions.h in Headers */,
				A4386EC11EE8F163001F4BC9 /* MASLayoutConstraint.h in Headers */,
				A4386EBF1EE8F163001F4BC9 /* MASConstraintMaker.h in Headers */,
				A4386EC91EE8F163001F4BC9 /* NSArray+MASAdditions.h in Headers */,
				A46FBCAB1EE6EFF900BA0CC1 /* SDWebImageDownloader.h in Headers */,
				A46FBCBC1EE6EFF900BA0CC1 /* UIImageView+WebCache.h in Headers */,
				A46FBCB41EE6EFF900BA0CC1 /* UIButton+WebCache.h in Headers */,
				A46FBCC01EE6EFF900BA0CC1 /* UIView+WebCacheOperation.h in Headers */,
				A46FBC9F1EE6EFF800BA0CC1 /* NSData+ImageContentType.h in Headers */,
				A4C38D6A1F0B785000A52AB2 /* UIControl+CYLTabBarControllerExtention.h in Headers */,
				A4C38D681F0B785000A52AB2 /* CYLTabBarController.h in Headers */,
				A4C38D661F0B785000A52AB2 /* CYLTabBar.h in Headers */,
				A4C38D701F0B785000A52AB2 /* UIViewController+CYLTabBarControllerExtention.h in Headers */,
				A4C38D6C1F0B785000A52AB2 /* UITabBarItem+CYLTabBarControllerExtention.h in Headers */,
				A4C38D631F0B785000A52AB2 /* CYLConstants.h in Headers */,
				A4C38D641F0B785000A52AB2 /* CYLPlusButton.h in Headers */,
				A4C38D6E1F0B785000A52AB2 /* UIView+CYLTabBarControllerExtention.h in Headers */,
				A46FBCB21EE6EFF900BA0CC1 /* SDWebImagePrefetcher.h in Headers */,
				A46FBCA11EE6EFF800BA0CC1 /* NSImage+WebCache.h in Headers */,
				A46FBCB81EE6EFF900BA0CC1 /* UIImage+MultiFormat.h in Headers */,
				A4BA96971F14BAF700C3C613 /* FMDB.h in Headers */,
				A4BA96911F14BAF700C3C613 /* FMDatabaseAdditions.h in Headers */,
				A4BA96951F14BAF700C3C613 /* FMDatabaseQueue.h in Headers */,
				A4BA969A1F14BAF700C3C613 /* JQFMDB.h in Headers */,
				A4BA96931F14BAF700C3C613 /* FMDatabasePool.h in Headers */,
				A4BA96981F14BAF700C3C613 /* FMResultSet.h in Headers */,
				A4BA968F1F14BAF700C3C613 /* FMDatabase.h in Headers */,
				A46FBCAD1EE6EFF900BA0CC1 /* SDWebImageDownloaderOperation.h in Headers */,
				A46FBCBE1EE6EFF900BA0CC1 /* UIView+WebCache.h in Headers */,
				A46FBCB61EE6EFF900BA0CC1 /* UIImage+GIF.h in Headers */,
				A46FBCA31EE6EFF800BA0CC1 /* SDImageCache.h in Headers */,
				A42AC5071F15CDC100DA0D58 /* NSObject+YYModel.h in Headers */,
				A42AC5091F15CDC100DA0D58 /* YYClassInfo.h in Headers */,
				A42AC50B1F15CDC100DA0D58 /* YYModel.h in Headers */,
				A46FBCA91EE6EFF900BA0CC1 /* SDWebImageDecoder.h in Headers */,
				A46FBC701EE6EE6600BA0CC1 /* SDCollectionViewCell.h in Headers */,
				A46FBC6A1EE6EE6600BA0CC1 /* TAAnimatedDotView.h in Headers */,
			);
			runOnlyForDeploymentPostprocessing = 0;
		};
/* End PBXHeadersBuildPhase section */

/* Begin PBXNativeTarget section */
		A46FBC3D1EE6EE4500BA0CC1 /* OtherFramework */ = {
			isa = PBXNativeTarget;
			buildConfigurationList = A46FBC521EE6EE4500BA0CC1 /* Build configuration list for PBXNativeTarget "OtherFramework" */;
			buildPhases = (
				A46FBC391EE6EE4500BA0CC1 /* Sources */,
				A46FBC3A1EE6EE4500BA0CC1 /* Frameworks */,
				A46FBC3B1EE6EE4500BA0CC1 /* Headers */,
				A46FBC3C1EE6EE4500BA0CC1 /* Resources */,
			);
			buildRules = (
			);
			dependencies = (
			);
			name = OtherFramework;
			productName = OtherFramework;
			productReference = A46FBC3E1EE6EE4500BA0CC1 /* OtherFramework.framework */;
			productType = "com.apple.product-type.framework";
		};
		A46FBC461EE6EE4500BA0CC1 /* OtherFrameworkTests */ = {
			isa = PBXNativeTarget;
			buildConfigurationList = A46FBC551EE6EE4500BA0CC1 /* Build configuration list for PBXNativeTarget "OtherFrameworkTests" */;
			buildPhases = (
				A46FBC431EE6EE4500BA0CC1 /* Sources */,
				A46FBC441EE6EE4500BA0CC1 /* Frameworks */,
				A46FBC451EE6EE4500BA0CC1 /* Resources */,
			);
			buildRules = (
			);
			dependencies = (
				A46FBC4A1EE6EE4500BA0CC1 /* PBXTargetDependency */,
			);
			name = OtherFrameworkTests;
			productName = OtherFrameworkTests;
			productReference = A46FBC471EE6EE4500BA0CC1 /* OtherFrameworkTests.xctest */;
			productType = "com.apple.product-type.bundle.unit-test";
		};
/* End PBXNativeTarget section */

/* Begin PBXProject section */
		A46FBC351EE6EE4500BA0CC1 /* Project object */ = {
			isa = PBXProject;
			attributes = {
				LastUpgradeCheck = 0830;
				ORGANIZATIONNAME = Cain;
				TargetAttributes = {
					A46FBC3D1EE6EE4500BA0CC1 = {
						CreatedOnToolsVersion = 8.3.3;
						ProvisioningStyle = Automatic;
					};
					A46FBC461EE6EE4500BA0CC1 = {
						CreatedOnToolsVersion = 8.3.3;
						ProvisioningStyle = Automatic;
					};
					A46FBC761EE6EEEB00BA0CC1 = {
						CreatedOnToolsVersion = 8.3.3;
						ProvisioningStyle = Automatic;
					};
				};
			};
			buildConfigurationList = A46FBC381EE6EE4500BA0CC1 /* Build configuration list for PBXProject "OtherFramework" */;
			compatibilityVersion = "Xcode 3.2";
			developmentRegion = English;
			hasScannedForEncodings = 0;
			knownRegions = (
				en,
			);
			mainGroup = A46FBC341EE6EE4500BA0CC1;
			productRefGroup = A46FBC3F1EE6EE4500BA0CC1 /* Products */;
			projectDirPath = "";
			projectRoot = "";
			targets = (
				A46FBC3D1EE6EE4500BA0CC1 /* OtherFramework */,
				A46FBC461EE6EE4500BA0CC1 /* OtherFrameworkTests */,
				A46FBC761EE6EEEB00BA0CC1 /* OtherFramework-Aggregate */,
			);
		};
/* End PBXProject section */

/* Begin PBXResourcesBuildPhase section */
		A46FBC3C1EE6EE4500BA0CC1 /* Resources */ = {
			isa = PBXResourcesBuildPhase;
			buildActionMask = 2147483647;
			files = (
				A4386EB91EE8F163001F4BC9 /* IQKeyboardManager.bundle in Resources */,
			);
			runOnlyForDeploymentPostprocessing = 0;
		};
		A46FBC451EE6EE4500BA0CC1 /* Resources */ = {
			isa = PBXResourcesBuildPhase;
			buildActionMask = 2147483647;
			files = (
			);
			runOnlyForDeploymentPostprocessing = 0;
		};
/* End PBXResourcesBuildPhase section */

/* Begin PBXShellScriptBuildPhase section */
		A46FBC7A1EE6EEEF00BA0CC1 /* ShellScript */ = {
			isa = PBXShellScriptBuildPhase;
			buildActionMask = 2147483647;
			files = (
			);
			inputPaths = (
			);
			outputPaths = (
			);
			runOnlyForDeploymentPostprocessing = 0;
			shellPath = /bin/sh;
			shellScript = "if [ \"${ACTION}\" = \"build\" ]\nthen\nINSTALL_DIR=${SRCROOT}/Products/${PROJECT_NAME}.framework\n\nDEVICE_DIR=${BUILD_ROOT}/${CONFIGURATION}-iphoneos/${PROJECT_NAME}.framework\n\nSIMULATOR_DIR=${BUILD_ROOT}/${CONFIGURATION}-iphonesimulator/${PROJECT_NAME}.framework\n\n\nif [ -d \"${INSTALL_DIR}\" ]\nthen\nrm -rf \"${INSTALL_DIR}\"\nfi\n\nmkdir -p \"${INSTALL_DIR}\"\n\ncp -R \"${DEVICE_DIR}/\" \"${INSTALL_DIR}/\"\n#ditto \"${DEVICE_DIR}/Headers\" \"${INSTALL_DIR}/Headers\"\n\nlipo -create \"${DEVICE_DIR}/${PROJECT_NAME}\" \"${SIMULATOR_DIR}/${PROJECT_NAME}\" -output \"${INSTALL_DIR}/${PROJECT_NAME}\"\n\n#open \"${DEVICE_DIR}\"\nopen \"${SRCROOT}/Products\"\nfi";
		};
/* End PBXShellScriptBuildPhase section */

/* Begin PBXSourcesBuildPhase section */
		A46FBC391EE6EE4500BA0CC1 /* Sources */ = {
			isa = PBXSourcesBuildPhase;
			buildActionMask = 2147483647;
			files = (
				A46FBCBD1EE6EFF900BA0CC1 /* UIImageView+WebCache.m in Sources */,
				A46FBCAA1EE6EFF900BA0CC1 /* SDWebImageDecoder.m in Sources */,
				A4386ED21EE8F163001F4BC9 /* ViewController+MASAdditions.m in Sources */,
				A46FBCB01EE6EFF900BA0CC1 /* SDWebImageManager.m in Sources */,
				A46FBCA61EE6EFF800BA0CC1 /* SDImageCacheConfig.m in Sources */,
				A4386EBB1EE8F163001F4BC9 /* MASCompositeConstraint.m in Sources */,
				A46FBCC11EE6EFF900BA0CC1 /* UIView+WebCacheOperation.m in Sources */,
				A4386EA41EE8F163001F4BC9 /* IQUIViewController+Additions.m in Sources */,
				A4386ECD1EE8F163001F4BC9 /* NSLayoutConstraint+MASDebugAdditions.m in Sources */,
				A46FBCA81EE6EFF800BA0CC1 /* SDWebImageCompat.m in Sources */,
				A46FBC751EE6EE6600BA0CC1 /* UIView+SDExtension.m in Sources */,
				A4C38D6B1F0B785000A52AB2 /* UIControl+CYLTabBarControllerExtention.m in Sources */,
				A4386EAA1EE8F163001F4BC9 /* IQKeyboardManager.m in Sources */,
				A4386EC21EE8F163001F4BC9 /* MASLayoutConstraint.m in Sources */,
				A4BA969B1F14BAF700C3C613 /* JQFMDB.m in Sources */,
				A4386EAC1EE8F163001F4BC9 /* IQKeyboardReturnKeyHandler.m in Sources */,
				A4386EB61EE8F163001F4BC9 /* IQToolbar.m in Sources */,
				A4386E9E1EE8F163001F4BC9 /* IQUIScrollView+Additions.m in Sources */,
				A46FBC6B1EE6EE6600BA0CC1 /* TAAnimatedDotView.m in Sources */,
				A4386EC01EE8F163001F4BC9 /* MASConstraintMaker.m in Sources */,
				A4C38D711F0B785000A52AB2 /* UIViewController+CYLTabBarControllerExtention.m in Sources */,
				A46FBCA01EE6EFF800BA0CC1 /* NSData+ImageContentType.m in Sources */,
				A4C38D651F0B785000A52AB2 /* CYLPlusButton.m in Sources */,
				A4386EB41EE8F163001F4BC9 /* IQTitleBarButtonItem.m in Sources */,
				A4386E9C1EE8F163001F4BC9 /* IQNSArray+Sort.m in Sources */,
				A46FBCB51EE6EFF900BA0CC1 /* UIButton+WebCache.m in Sources */,
				A4386EB81EE8F163001F4BC9 /* IQUIView+IQKeyboardToolbar.m in Sources */,
				A4386EC61EE8F163001F4BC9 /* MASViewAttribute.m in Sources */,
				A46FBCB31EE6EFF900BA0CC1 /* SDWebImagePrefetcher.m in Sources */,
				A4386EC81EE8F163001F4BC9 /* MASViewConstraint.m in Sources */,
				A46FBCBF1EE6EFF900BA0CC1 /* UIView+WebCache.m in Sources */,
				A42AC5081F15CDC100DA0D58 /* NSObject+YYModel.m in Sources */,
				A46FBCAE1EE6EFF900BA0CC1 /* SDWebImageDownloaderOperation.m in Sources */,
				A4BA96901F14BAF700C3C613 /* FMDatabase.m in Sources */,
				A42AC50A1F15CDC100DA0D58 /* YYClassInfo.m in Sources */,
				A4386EB01EE8F163001F4BC9 /* IQBarButtonItem.m in Sources */,
				A4BA96941F14BAF700C3C613 /* FMDatabasePool.m in Sources */,
				A4386EA01EE8F163001F4BC9 /* IQUITextFieldView+Additions.m in Sources */,
				A4386EBE1EE8F163001F4BC9 /* MASConstraint.m in Sources */,
				A46FBC731EE6EE6600BA0CC1 /* SDCycleScrollView.m in Sources */,
				A46FBC6F1EE6EE6600BA0CC1 /* TAPageControl.m in Sources */,
				A46FBCBB1EE6EFF900BA0CC1 /* UIImageView+HighlightedWebCache.m in Sources */,
				A4386ECA1EE8F163001F4BC9 /* NSArray+MASAdditions.m in Sources */,
				A46FBCB91EE6EFF900BA0CC1 /* UIImage+MultiFormat.m in Sources */,
				A4386EA21EE8F163001F4BC9 /* IQUIView+Hierarchy.m in Sources */,
				A4C38D6D1F0B785000A52AB2 /* UITabBarItem+CYLTabBarControllerExtention.m in Sources */,
				A4C38D671F0B785000A52AB2 /* CYLTabBar.m in Sources */,
				A46FBC6D1EE6EE6600BA0CC1 /* TADotView.m in Sources */,
				A46FBC711EE6EE6600BA0CC1 /* SDCollectionViewCell.m in Sources */,
				A4BA96961F14BAF700C3C613 /* FMDatabaseQueue.m in Sources */,
				A4C38D691F0B785000A52AB2 /* CYLTabBarController.m in Sources */,
				A46FBC691EE6EE6600BA0CC1 /* TAAbstractDotView.m in Sources */,
				A46FBCA21EE6EFF800BA0CC1 /* NSImage+WebCache.m in Sources */,
				A46FBCB71EE6EFF900BA0CC1 /* UIImage+GIF.m in Sources */,
				A4386EA61EE8F163001F4BC9 /* IQUIWindow+Hierarchy.m in Sources */,
				A46FBCAC1EE6EFF900BA0CC1 /* SDWebImageDownloader.m in Sources */,
				A4386EAE1EE8F163001F4BC9 /* IQTextView.m in Sources */,
				A4BA96991F14BAF700C3C613 /* FMResultSet.m in Sources */,
				A4C38D6F1F0B785000A52AB2 /* UIView+CYLTabBarControllerExtention.m in Sources */,
				A4BA96921F14BAF700C3C613 /* FMDatabaseAdditions.m in Sources */,
				A4386ECF1EE8F163001F4BC9 /* View+MASAdditions.m in Sources */,
				A4386EB21EE8F163001F4BC9 /* IQPreviousNextView.m in Sources */,
				A46FBCA41EE6EFF800BA0CC1 /* SDImageCache.m in Sources */,
			);
			runOnlyForDeploymentPostprocessing = 0;
		};
		A46FBC431EE6EE4500BA0CC1 /* Sources */ = {
			isa = PBXSourcesBuildPhase;
			buildActionMask = 2147483647;
			files = (
				A46FBC4D1EE6EE4500BA0CC1 /* OtherFrameworkTests.m in Sources */,
			);
			runOnlyForDeploymentPostprocessing = 0;
		};
/* End PBXSourcesBuildPhase section */

/* Begin PBXTargetDependency section */
		A46FBC4A1EE6EE4500BA0CC1 /* PBXTargetDependency */ = {
			isa = PBXTargetDependency;
			target = A46FBC3D1EE6EE4500BA0CC1 /* OtherFramework */;
			targetProxy = A46FBC491EE6EE4500BA0CC1 /* PBXContainerItemProxy */;
		};
/* End PBXTargetDependency section */

/* Begin XCBuildConfiguration section */
		A46FBC501EE6EE4500BA0CC1 /* Debug */ = {
			isa = XCBuildConfiguration;
			buildSettings = {
				ALWAYS_SEARCH_USER_PATHS = NO;
				CLANG_ANALYZER_NONNULL = YES;
				CLANG_ANALYZER_NUMBER_OBJECT_CONVERSION = YES_AGGRESSIVE;
				CLANG_CXX_LANGUAGE_STANDARD = "gnu++0x";
				CLANG_CXX_LIBRARY = "libc++";
				CLANG_ENABLE_MODULES = YES;
				CLANG_ENABLE_OBJC_ARC = YES;
				CLANG_WARN_BOOL_CONVERSION = YES;
				CLANG_WARN_CONSTANT_CONVERSION = YES;
				CLANG_WARN_DIRECT_OBJC_ISA_USAGE = YES_ERROR;
				CLANG_WARN_DOCUMENTATION_COMMENTS = YES;
				CLANG_WARN_EMPTY_BODY = YES;
				CLANG_WARN_ENUM_CONVERSION = YES;
				CLANG_WARN_INFINITE_RECURSION = YES;
				CLANG_WARN_INT_CONVERSION = YES;
				CLANG_WARN_OBJC_ROOT_CLASS = YES_ERROR;
				CLANG_WARN_SUSPICIOUS_MOVE = YES;
				CLANG_WARN_UNREACHABLE_CODE = YES;
				CLANG_WARN__DUPLICATE_METHOD_MATCH = YES;
				"CODE_SIGN_IDENTITY[sdk=iphoneos*]" = "iPhone Developer";
				COPY_PHASE_STRIP = NO;
				CURRENT_PROJECT_VERSION = 1;
				DEBUG_INFORMATION_FORMAT = dwarf;
				ENABLE_STRICT_OBJC_MSGSEND = YES;
				ENABLE_TESTABILITY = YES;
				GCC_C_LANGUAGE_STANDARD = gnu99;
				GCC_DYNAMIC_NO_PIC = NO;
				GCC_NO_COMMON_BLOCKS = YES;
				GCC_OPTIMIZATION_LEVEL = 0;
				GCC_PREPROCESSOR_DEFINITIONS = (
					"DEBUG=1",
					"$(inherited)",
				);
				GCC_WARN_64_TO_32_BIT_CONVERSION = YES;
				GCC_WARN_ABOUT_RETURN_TYPE = YES_ERROR;
				GCC_WARN_UNDECLARED_SELECTOR = YES;
				GCC_WARN_UNINITIALIZED_AUTOS = YES_AGGRESSIVE;
				GCC_WARN_UNUSED_FUNCTION = YES;
				GCC_WARN_UNUSED_VARIABLE = YES;
				IPHONEOS_DEPLOYMENT_TARGET = 8.0;
				MTL_ENABLE_DEBUG_INFO = YES;
				ONLY_ACTIVE_ARCH = YES;
				SDKROOT = iphoneos;
				TARGETED_DEVICE_FAMILY = "1,2";
				VALID_ARCHS = "arm64 armv7 armv7s i386";
				VERSIONING_SYSTEM = "apple-generic";
				VERSION_INFO_PREFIX = "";
			};
			name = Debug;
		};
		A46FBC511EE6EE4500BA0CC1 /* Release */ = {
			isa = XCBuildConfiguration;
			buildSettings = {
				ALWAYS_SEARCH_USER_PATHS = NO;
				CLANG_ANALYZER_NONNULL = YES;
				CLANG_ANALYZER_NUMBER_OBJECT_CONVERSION = YES_AGGRESSIVE;
				CLANG_CXX_LANGUAGE_STANDARD = "gnu++0x";
				CLANG_CXX_LIBRARY = "libc++";
				CLANG_ENABLE_MODULES = YES;
				CLANG_ENABLE_OBJC_ARC = YES;
				CLANG_WARN_BOOL_CONVERSION = YES;
				CLANG_WARN_CONSTANT_CONVERSION = YES;
				CLANG_WARN_DIRECT_OBJC_ISA_USAGE = YES_ERROR;
				CLANG_WARN_DOCUMENTATION_COMMENTS = YES;
				CLANG_WARN_EMPTY_BODY = YES;
				CLANG_WARN_ENUM_CONVERSION = YES;
				CLANG_WARN_INFINITE_RECURSION = YES;
				CLANG_WARN_INT_CONVERSION = YES;
				CLANG_WARN_OBJC_ROOT_CLASS = YES_ERROR;
				CLANG_WARN_SUSPICIOUS_MOVE = YES;
				CLANG_WARN_UNREACHABLE_CODE = YES;
				CLANG_WARN__DUPLICATE_METHOD_MATCH = YES;
				"CODE_SIGN_IDENTITY[sdk=iphoneos*]" = "iPhone Developer";
				COPY_PHASE_STRIP = NO;
				CURRENT_PROJECT_VERSION = 1;
				DEBUG_INFORMATION_FORMAT = "dwarf-with-dsym";
				ENABLE_NS_ASSERTIONS = NO;
				ENABLE_STRICT_OBJC_MSGSEND = YES;
				GCC_C_LANGUAGE_STANDARD = gnu99;
				GCC_NO_COMMON_BLOCKS = YES;
				GCC_WARN_64_TO_32_BIT_CONVERSION = YES;
				GCC_WARN_ABOUT_RETURN_TYPE = YES_ERROR;
				GCC_WARN_UNDECLARED_SELECTOR = YES;
				GCC_WARN_UNINITIALIZED_AUTOS = YES_AGGRESSIVE;
				GCC_WARN_UNUSED_FUNCTION = YES;
				GCC_WARN_UNUSED_VARIABLE = YES;
				IPHONEOS_DEPLOYMENT_TARGET = 8.0;
				MTL_ENABLE_DEBUG_INFO = NO;
				SDKROOT = iphoneos;
				TARGETED_DEVICE_FAMILY = "1,2";
				VALIDATE_PRODUCT = YES;
				VALID_ARCHS = "arm64 armv7 armv7s i386";
				VERSIONING_SYSTEM = "apple-generic";
				VERSION_INFO_PREFIX = "";
			};
			name = Release;
		};
		A46FBC531EE6EE4500BA0CC1 /* Debug */ = {
			isa = XCBuildConfiguration;
			buildSettings = {
				CODE_SIGN_IDENTITY = "";
				DEFINES_MODULE = YES;
				DYLIB_COMPATIBILITY_VERSION = 1;
				DYLIB_CURRENT_VERSION = 1;
				DYLIB_INSTALL_NAME_BASE = "@rpath";
				INFOPLIST_FILE = OtherFramework/Info.plist;
				INSTALL_PATH = "$(LOCAL_LIBRARY_DIR)/Frameworks";
				LD_RUNPATH_SEARCH_PATHS = "$(inherited) @executable_path/Frameworks @loader_path/Frameworks";
				PRODUCT_BUNDLE_IDENTIFIER = com.OhterFramework.OtherFramework;
				PRODUCT_NAME = "$(TARGET_NAME)";
				SKIP_INSTALL = YES;
			};
			name = Debug;
		};
		A46FBC541EE6EE4500BA0CC1 /* Release */ = {
			isa = XCBuildConfiguration;
			buildSettings = {
				CODE_SIGN_IDENTITY = "";
				DEFINES_MODULE = YES;
				DYLIB_COMPATIBILITY_VERSION = 1;
				DYLIB_CURRENT_VERSION = 1;
				DYLIB_INSTALL_NAME_BASE = "@rpath";
				INFOPLIST_FILE = OtherFramework/Info.plist;
				INSTALL_PATH = "$(LOCAL_LIBRARY_DIR)/Frameworks";
				LD_RUNPATH_SEARCH_PATHS = "$(inherited) @executable_path/Frameworks @loader_path/Frameworks";
				PRODUCT_BUNDLE_IDENTIFIER = com.OhterFramework.OtherFramework;
				PRODUCT_NAME = "$(TARGET_NAME)";
				SKIP_INSTALL = YES;
			};
			name = Release;
		};
		A46FBC561EE6EE4500BA0CC1 /* Debug */ = {
			isa = XCBuildConfiguration;
			buildSettings = {
				INFOPLIST_FILE = OtherFrameworkTests/Info.plist;
				LD_RUNPATH_SEARCH_PATHS = "$(inherited) @executable_path/Frameworks @loader_path/Frameworks";
				PRODUCT_BUNDLE_IDENTIFIER = com.OhterFramework.OtherFrameworkTests;
				PRODUCT_NAME = "$(TARGET_NAME)";
			};
			name = Debug;
		};
		A46FBC571EE6EE4500BA0CC1 /* Release */ = {
			isa = XCBuildConfiguration;
			buildSettings = {
				INFOPLIST_FILE = OtherFrameworkTests/Info.plist;
				LD_RUNPATH_SEARCH_PATHS = "$(inherited) @executable_path/Frameworks @loader_path/Frameworks";
				PRODUCT_BUNDLE_IDENTIFIER = com.OhterFramework.OtherFrameworkTests;
				PRODUCT_NAME = "$(TARGET_NAME)";
			};
			name = Release;
		};
		A46FBC781EE6EEEB00BA0CC1 /* Debug */ = {
			isa = XCBuildConfiguration;
			buildSettings = {
				PRODUCT_NAME = "$(TARGET_NAME)";
			};
			name = Debug;
		};
		A46FBC791EE6EEEB00BA0CC1 /* Release */ = {
			isa = XCBuildConfiguration;
			buildSettings = {
				PRODUCT_NAME = "$(TARGET_NAME)";
			};
			name = Release;
		};
/* End XCBuildConfiguration section */

/* Begin XCConfigurationList section */
		A46FBC381EE6EE4500BA0CC1 /* Build configuration list for PBXProject "OtherFramework" */ = {
			isa = XCConfigurationList;
			buildConfigurations = (
				A46FBC501EE6EE4500BA0CC1 /* Debug */,
				A46FBC511EE6EE4500BA0CC1 /* Release */,
			);
			defaultConfigurationIsVisible = 0;
			defaultConfigurationName = Release;
		};
		A46FBC521EE6EE4500BA0CC1 /* Build configuration list for PBXNativeTarget "OtherFramework" */ = {
			isa = XCConfigurationList;
			buildConfigurations = (
				A46FBC531EE6EE4500BA0CC1 /* Debug */,
				A46FBC541EE6EE4500BA0CC1 /* Release */,
			);
			defaultConfigurationIsVisible = 0;
			defaultConfigurationName = Release;
		};
		A46FBC551EE6EE4500BA0CC1 /* Build configuration list for PBXNativeTarget "OtherFrameworkTests" */ = {
			isa = XCConfigurationList;
			buildConfigurations = (
				A46FBC561EE6EE4500BA0CC1 /* Debug */,
				A46FBC571EE6EE4500BA0CC1 /* Release */,
			);
			defaultConfigurationIsVisible = 0;
			defaultConfigurationName = Release;
		};
		A46FBC771EE6EEEB00BA0CC1 /* Build configuration list for PBXAggregateTarget "OtherFramework-Aggregate" */ = {
			isa = XCConfigurationList;
			buildConfigurations = (
				A46FBC781EE6EEEB00BA0CC1 /* Debug */,
				A46FBC791EE6EEEB00BA0CC1 /* Release */,
			);
			defaultConfigurationIsVisible = 0;
			defaultConfigurationName = Release;
		};
/* End XCConfigurationList section */
	};
	rootObject = A46FBC351EE6EE4500BA0CC1 /* Project object */;
}
